{
  "originHash" : "9d9591f16061c4b2c14ba7eebb9494f540296aaea3ec0841d1f8feb01ed8aa5c",
  "pins" : [
    {
      "identity" : "daily-client-ios",
      "kind" : "remoteSourceControl",
      "location" : "https://github.com/daily-co/daily-client-ios",
      "state" : {
        "revision" : "a5f2a1c129cef1a4485bd0a0c12f706215585a53",
        "version" : "0.17.0"
      }
    },
    {
      "identity" : "ios",
      "kind" : "remoteSourceControl",
      "location" : "https://github.com/VapiAI/ios",
      "state" : {
        "branch" : "main",
        "revision" : "d958eaa950ab67eb22bc308c2b0620329207b427"
      }
    }
  ],
  "version" : 3
}
