// !$*UTF8*$!
{
	archiveVersion = 1;
	classes = {
	};
	objectVersion = 56;
	objects = {

/* Begin PBXBuildFile section */
		18D289E32B9713FE008742FB /* HerApp.swift in Sources */ = {isa = PBXBuildFile; fileRef = 18D289E22B9713FE008742FB /* HerApp.swift */; };
		18D289E52B9713FE008742FB /* ContentView.swift in Sources */ = {isa = PBXBuildFile; fileRef = 18D289E42B9713FE008742FB /* ContentView.swift */; };
		18D289E72B9713FF008742FB /* Assets.xcassets in Resources */ = {isa = PBXBuildFile; fileRef = 18D289E62B9713FF008742FB /* Assets.xcassets */; };
		18D289EA2B9713FF008742FB /* Preview Assets.xcassets in Resources */ = {isa = PBXBuildFile; fileRef = 18D289E92B9713FF008742FB /* Preview Assets.xcassets */; };
		18D289F42B9713FF008742FB /* HerTests.swift in Sources */ = {isa = PBXBuildFile; fileRef = 18D289F32B9713FF008742FB /* HerTests.swift */; };
		18D289FE2B9713FF008742FB /* HerUITests.swift in Sources */ = {isa = PBXBuildFile; fileRef = 18D289FD2B9713FF008742FB /* HerUITests.swift */; };
		18D28A002B9713FF008742FB /* HerUITestsLaunchTests.swift in Sources */ = {isa = PBXBuildFile; fileRef = 18D289FF2B9713FF008742FB /* HerUITestsLaunchTests.swift */; };
		18D28A0E2B971574008742FB /* Vapi in Frameworks */ = {isa = PBXBuildFile; productRef = 18D28A0D2B971574008742FB /* Vapi */; };
		18D28A122B98E67D008742FB /* HerAnimation.mp4 in Resources */ = {isa = PBXBuildFile; fileRef = 18D28A112B98E67D008742FB /* HerAnimation.mp4 */; };
		18D28A132B98E67D008742FB /* HerAnimation.mp4 in Resources */ = {isa = PBXBuildFile; fileRef = 18D28A112B98E67D008742FB /* HerAnimation.mp4 */; };
		18D28A142B98E67D008742FB /* HerAnimation.mp4 in Resources */ = {isa = PBXBuildFile; fileRef = 18D28A112B98E67D008742FB /* HerAnimation.mp4 */; };
/* End PBXBuildFile section */

/* Begin PBXContainerItemProxy section */
		18D289F02B9713FF008742FB /* PBXContainerItemProxy */ = {
			isa = PBXContainerItemProxy;
			containerPortal = 18D289D72B9713FE008742FB /* Project object */;
			proxyType = 1;
			remoteGlobalIDString = 18D289DE2B9713FE008742FB;
			remoteInfo = Her;
		};
		18D289FA2B9713FF008742FB /* PBXContainerItemProxy */ = {
			isa = PBXContainerItemProxy;
			containerPortal = 18D289D72B9713FE008742FB /* Project object */;
			proxyType = 1;
			remoteGlobalIDString = 18D289DE2B9713FE008742FB;
			remoteInfo = Her;
		};
/* End PBXContainerItemProxy section */

/* Begin PBXFileReference section */
		18D289DF2B9713FE008742FB /* Her.app */ = {isa = PBXFileReference; explicitFileType = wrapper.application; includeInIndex = 0; path = Her.app; sourceTree = BUILT_PRODUCTS_DIR; };
		18D289E22B9713FE008742FB /* HerApp.swift */ = {isa = PBXFileReference; lastKnownFileType = sourcecode.swift; path = HerApp.swift; sourceTree = "<group>"; };
		18D289E42B9713FE008742FB /* ContentView.swift */ = {isa = PBXFileReference; lastKnownFileType = sourcecode.swift; path = ContentView.swift; sourceTree = "<group>"; };
		18D289E62B9713FF008742FB /* Assets.xcassets */ = {isa = PBXFileReference; lastKnownFileType = folder.assetcatalog; path = Assets.xcassets; sourceTree = "<group>"; };
		18D289E92B9713FF008742FB /* Preview Assets.xcassets */ = {isa = PBXFileReference; lastKnownFileType = folder.assetcatalog; path = "Preview Assets.xcassets"; sourceTree = "<group>"; };
		18D289EF2B9713FF008742FB /* HerTests.xctest */ = {isa = PBXFileReference; explicitFileType = wrapper.cfbundle; includeInIndex = 0; path = HerTests.xctest; sourceTree = BUILT_PRODUCTS_DIR; };
		18D289F32B9713FF008742FB /* HerTests.swift */ = {isa = PBXFileReference; lastKnownFileType = sourcecode.swift; path = HerTests.swift; sourceTree = "<group>"; };
		18D289F92B9713FF008742FB /* HerUITests.xctest */ = {isa = PBXFileReference; explicitFileType = wrapper.cfbundle; includeInIndex = 0; path = HerUITests.xctest; sourceTree = BUILT_PRODUCTS_DIR; };
		18D289FD2B9713FF008742FB /* HerUITests.swift */ = {isa = PBXFileReference; lastKnownFileType = sourcecode.swift; path = HerUITests.swift; sourceTree = "<group>"; };
		18D289FF2B9713FF008742FB /* HerUITestsLaunchTests.swift */ = {isa = PBXFileReference; lastKnownFileType = sourcecode.swift; path = HerUITestsLaunchTests.swift; sourceTree = "<group>"; };
		18D28A0F2B97178E008742FB /* Info.plist */ = {isa = PBXFileReference; lastKnownFileType = text.plist; path = Info.plist; sourceTree = "<group>"; };
		18D28A102B971B0A008742FB /* Config.xcconfig */ = {isa = PBXFileReference; lastKnownFileType = text.xcconfig; path = Config.xcconfig; sourceTree = "<group>"; };
		18D28A112B98E67D008742FB /* HerAnimation.mp4 */ = {isa = PBXFileReference; lastKnownFileType = file; path = HerAnimation.mp4; sourceTree = "<group>"; };
/* End PBXFileReference section */

/* Begin PBXFrameworksBuildPhase section */
		18D289DC2B9713FE008742FB /* Frameworks */ = {
			isa = PBXFrameworksBuildPhase;
			buildActionMask = 2147483647;
			files = (
				18D28A0E2B971574008742FB /* Vapi in Frameworks */,
			);
			runOnlyForDeploymentPostprocessing = 0;
		};
		18D289EC2B9713FF008742FB /* Frameworks */ = {
			isa = PBXFrameworksBuildPhase;
			buildActionMask = 2147483647;
			files = (
			);
			runOnlyForDeploymentPostprocessing = 0;
		};
		18D289F62B9713FF008742FB /* Frameworks */ = {
			isa = PBXFrameworksBuildPhase;
			buildActionMask = 2147483647;
			files = (
			);
			runOnlyForDeploymentPostprocessing = 0;
		};
/* End PBXFrameworksBuildPhase section */

/* Begin PBXGroup section */
		18D289D62B9713FE008742FB = {
			isa = PBXGroup;
			children = (
				18D289E12B9713FE008742FB /* Her */,
				18D289F22B9713FF008742FB /* HerTests */,
				18D289FC2B9713FF008742FB /* HerUITests */,
				18D289E02B9713FE008742FB /* Products */,
			);
			sourceTree = "<group>";
		};
		18D289E02B9713FE008742FB /* Products */ = {
			isa = PBXGroup;
			children = (
				18D289DF2B9713FE008742FB /* Her.app */,
				18D289EF2B9713FF008742FB /* HerTests.xctest */,
				18D289F92B9713FF008742FB /* HerUITests.xctest */,
			);
			name = Products;
			sourceTree = "<group>";
		};
		18D289E12B9713FE008742FB /* Her */ = {
			isa = PBXGroup;
			children = (
				18D28A0F2B97178E008742FB /* Info.plist */,
				18D289E22B9713FE008742FB /* HerApp.swift */,
				18D289E42B9713FE008742FB /* ContentView.swift */,
				18D28A102B971B0A008742FB /* Config.xcconfig */,
				18D289E62B9713FF008742FB /* Assets.xcassets */,
				18D28A112B98E67D008742FB /* HerAnimation.mp4 */,
				18D289E82B9713FF008742FB /* Preview Content */,
			);
			path = Her;
			sourceTree = "<group>";
		};
		18D289E82B9713FF008742FB /* Preview Content */ = {
			isa = PBXGroup;
			children = (
				18D289E92B9713FF008742FB /* Preview Assets.xcassets */,
			);
			path = "Preview Content";
			sourceTree = "<group>";
		};
		18D289F22B9713FF008742FB /* HerTests */ = {
			isa = PBXGroup;
			children = (
				18D289F32B9713FF008742FB /* HerTests.swift */,
			);
			path = HerTests;
			sourceTree = "<group>";
		};
		18D289FC2B9713FF008742FB /* HerUITests */ = {
			isa = PBXGroup;
			children = (
				18D289FD2B9713FF008742FB /* HerUITests.swift */,
				18D289FF2B9713FF008742FB /* HerUITestsLaunchTests.swift */,
			);
			path = HerUITests;
			sourceTree = "<group>";
		};
/* End PBXGroup section */

/* Begin PBXNativeTarget section */
		18D289DE2B9713FE008742FB /* Her */ = {
			isa = PBXNativeTarget;
			buildConfigurationList = 18D28A032B9713FF008742FB /* Build configuration list for PBXNativeTarget "Her" */;
			buildPhases = (
				18D289DB2B9713FE008742FB /* Sources */,
				18D289DC2B9713FE008742FB /* Frameworks */,
				18D289DD2B9713FE008742FB /* Resources */,
			);
			buildRules = (
			);
			dependencies = (
			);
			name = Her;
			packageProductDependencies = (
				18D28A0D2B971574008742FB /* Vapi */,
			);
			productName = Her;
			productReference = 18D289DF2B9713FE008742FB /* Her.app */;
			productType = "com.apple.product-type.application";
		};
		18D289EE2B9713FF008742FB /* HerTests */ = {
			isa = PBXNativeTarget;
			buildConfigurationList = 18D28A062B9713FF008742FB /* Build configuration list for PBXNativeTarget "HerTests" */;
			buildPhases = (
				18D289EB2B9713FF008742FB /* Sources */,
				18D289EC2B9713FF008742FB /* Frameworks */,
				18D289ED2B9713FF008742FB /* Resources */,
			);
			buildRules = (
			);
			dependencies = (
				18D289F12B9713FF008742FB /* PBXTargetDependency */,
			);
			name = HerTests;
			productName = HerTests;
			productReference = 18D289EF2B9713FF008742FB /* HerTests.xctest */;
			productType = "com.apple.product-type.bundle.unit-test";
		};
		18D289F82B9713FF008742FB /* HerUITests */ = {
			isa = PBXNativeTarget;
			buildConfigurationList = 18D28A092B9713FF008742FB /* Build configuration list for PBXNativeTarget "HerUITests" */;
			buildPhases = (
				18D289F52B9713FF008742FB /* Sources */,
				18D289F62B9713FF008742FB /* Frameworks */,
				18D289F72B9713FF008742FB /* Resources */,
			);
			buildRules = (
			);
			dependencies = (
				18D289FB2B9713FF008742FB /* PBXTargetDependency */,
			);
			name = HerUITests;
			productName = HerUITests;
			productReference = 18D289F92B9713FF008742FB /* HerUITests.xctest */;
			productType = "com.apple.product-type.bundle.ui-testing";
		};
/* End PBXNativeTarget section */

/* Begin PBXProject section */
		18D289D72B9713FE008742FB /* Project object */ = {
			isa = PBXProject;
			attributes = {
				BuildIndependentTargetsInParallel = 1;
				LastSwiftUpdateCheck = 1520;
				LastUpgradeCheck = 1520;
				TargetAttributes = {
					18D289DE2B9713FE008742FB = {
						CreatedOnToolsVersion = 15.2;
					};
					18D289EE2B9713FF008742FB = {
						CreatedOnToolsVersion = 15.2;
						TestTargetID = 18D289DE2B9713FE008742FB;
					};
					18D289F82B9713FF008742FB = {
						CreatedOnToolsVersion = 15.2;
						TestTargetID = 18D289DE2B9713FE008742FB;
					};
				};
			};
			buildConfigurationList = 18D289DA2B9713FE008742FB /* Build configuration list for PBXProject "Her" */;
			compatibilityVersion = "Xcode 14.0";
			developmentRegion = en;
			hasScannedForEncodings = 0;
			knownRegions = (
				en,
				Base,
			);
			mainGroup = 18D289D62B9713FE008742FB;
			packageReferences = (
				18D28A0C2B971574008742FB /* XCRemoteSwiftPackageReference "ios" */,
			);
			productRefGroup = 18D289E02B9713FE008742FB /* Products */;
			projectDirPath = "";
			projectRoot = "";
			targets = (
				18D289DE2B9713FE008742FB /* Her */,
				18D289EE2B9713FF008742FB /* HerTests */,
				18D289F82B9713FF008742FB /* HerUITests */,
			);
		};
/* End PBXProject section */

/* Begin PBXResourcesBuildPhase section */
		18D289DD2B9713FE008742FB /* Resources */ = {
			isa = PBXResourcesBuildPhase;
			buildActionMask = 2147483647;
			files = (
				18D28A122B98E67D008742FB /* HerAnimation.mp4 in Resources */,
				18D289EA2B9713FF008742FB /* Preview Assets.xcassets in Resources */,
				18D289E72B9713FF008742FB /* Assets.xcassets in Resources */,
			);
			runOnlyForDeploymentPostprocessing = 0;
		};
		18D289ED2B9713FF008742FB /* Resources */ = {
			isa = PBXResourcesBuildPhase;
			buildActionMask = 2147483647;
			files = (
				18D28A132B98E67D008742FB /* HerAnimation.mp4 in Resources */,
			);
			runOnlyForDeploymentPostprocessing = 0;
		};
		18D289F72B9713FF008742FB /* Resources */ = {
			isa = PBXResourcesBuildPhase;
			buildActionMask = 2147483647;
			files = (
				18D28A142B98E67D008742FB /* HerAnimation.mp4 in Resources */,
			);
			runOnlyForDeploymentPostprocessing = 0;
		};
/* End PBXResourcesBuildPhase section */

/* Begin PBXSourcesBuildPhase section */
		18D289DB2B9713FE008742FB /* Sources */ = {
			isa = PBXSourcesBuildPhase;
			buildActionMask = 2147483647;
			files = (
				18D289E52B9713FE008742FB /* ContentView.swift in Sources */,
				18D289E32B9713FE008742FB /* HerApp.swift in Sources */,
			);
			runOnlyForDeploymentPostprocessing = 0;
		};
		18D289EB2B9713FF008742FB /* Sources */ = {
			isa = PBXSourcesBuildPhase;
			buildActionMask = 2147483647;
			files = (
				18D289F42B9713FF008742FB /* HerTests.swift in Sources */,
			);
			runOnlyForDeploymentPostprocessing = 0;
		};
		18D289F52B9713FF008742FB /* Sources */ = {
			isa = PBXSourcesBuildPhase;
			buildActionMask = 2147483647;
			files = (
				18D28A002B9713FF008742FB /* HerUITestsLaunchTests.swift in Sources */,
				18D289FE2B9713FF008742FB /* HerUITests.swift in Sources */,
			);
			runOnlyForDeploymentPostprocessing = 0;
		};
/* End PBXSourcesBuildPhase section */

/* Begin PBXTargetDependency section */
		18D289F12B9713FF008742FB /* PBXTargetDependency */ = {
			isa = PBXTargetDependency;
			target = 18D289DE2B9713FE008742FB /* Her */;
			targetProxy = 18D289F02B9713FF008742FB /* PBXContainerItemProxy */;
		};
		18D289FB2B9713FF008742FB /* PBXTargetDependency */ = {
			isa = PBXTargetDependency;
			target = 18D289DE2B9713FE008742FB /* Her */;
			targetProxy = 18D289FA2B9713FF008742FB /* PBXContainerItemProxy */;
		};
/* End PBXTargetDependency section */

/* Begin XCBuildConfiguration section */
		18D28A012B9713FF008742FB /* Debug */ = {
			isa = XCBuildConfiguration;
			baseConfigurationReference = 18D28A102B971B0A008742FB /* Config.xcconfig */;
			buildSettings = {
				ALWAYS_SEARCH_USER_PATHS = NO;
				ASSETCATALOG_COMPILER_GENERATE_SWIFT_ASSET_SYMBOL_EXTENSIONS = YES;
				CLANG_ANALYZER_NONNULL = YES;
				CLANG_ANALYZER_NUMBER_OBJECT_CONVERSION = YES_AGGRESSIVE;
				CLANG_CXX_LANGUAGE_STANDARD = "gnu++20";
				CLANG_ENABLE_MODULES = YES;
				CLANG_ENABLE_OBJC_ARC = YES;
				CLANG_ENABLE_OBJC_WEAK = YES;
				CLANG_WARN_BLOCK_CAPTURE_AUTORELEASING = YES;
				CLANG_WARN_BOOL_CONVERSION = YES;
				CLANG_WARN_COMMA = YES;
				CLANG_WARN_CONSTANT_CONVERSION = YES;
				CLANG_WARN_DEPRECATED_OBJC_IMPLEMENTATIONS = YES;
				CLANG_WARN_DIRECT_OBJC_ISA_USAGE = YES_ERROR;
				CLANG_WARN_DOCUMENTATION_COMMENTS = YES;
				CLANG_WARN_EMPTY_BODY = YES;
				CLANG_WARN_ENUM_CONVERSION = YES;
				CLANG_WARN_INFINITE_RECURSION = YES;
				CLANG_WARN_INT_CONVERSION = YES;
				CLANG_WARN_NON_LITERAL_NULL_CONVERSION = YES;
				CLANG_WARN_OBJC_IMPLICIT_RETAIN_SELF = YES;
				CLANG_WARN_OBJC_LITERAL_CONVERSION = YES;
				CLANG_WARN_OBJC_ROOT_CLASS = YES_ERROR;
				CLANG_WARN_QUOTED_INCLUDE_IN_FRAMEWORK_HEADER = YES;
				CLANG_WARN_RANGE_LOOP_ANALYSIS = YES;
				CLANG_WARN_STRICT_PROTOTYPES = YES;
				CLANG_WARN_SUSPICIOUS_MOVE = YES;
				CLANG_WARN_UNGUARDED_AVAILABILITY = YES_AGGRESSIVE;
				CLANG_WARN_UNREACHABLE_CODE = YES;
				CLANG_WARN__DUPLICATE_METHOD_MATCH = YES;
				COPY_PHASE_STRIP = NO;
				DEBUG_INFORMATION_FORMAT = dwarf;
				ENABLE_STRICT_OBJC_MSGSEND = YES;
				ENABLE_TESTABILITY = YES;
				ENABLE_USER_SCRIPT_SANDBOXING = YES;
				GCC_C_LANGUAGE_STANDARD = gnu17;
				GCC_DYNAMIC_NO_PIC = NO;
				GCC_NO_COMMON_BLOCKS = YES;
				GCC_OPTIMIZATION_LEVEL = 0;
				GCC_PREPROCESSOR_DEFINITIONS = (
					"DEBUG=1",
					"$(inherited)",
				);
				GCC_WARN_64_TO_32_BIT_CONVERSION = YES;
				GCC_WARN_ABOUT_RETURN_TYPE = YES_ERROR;
				GCC_WARN_UNDECLARED_SELECTOR = YES;
				GCC_WARN_UNINITIALIZED_AUTOS = YES_AGGRESSIVE;
				GCC_WARN_UNUSED_FUNCTION = YES;
				GCC_WARN_UNUSED_VARIABLE = YES;
				IPHONEOS_DEPLOYMENT_TARGET = 17.2;
				LOCALIZATION_PREFERS_STRING_CATALOGS = YES;
				MTL_ENABLE_DEBUG_INFO = INCLUDE_SOURCE;
				MTL_FAST_MATH = YES;
				ONLY_ACTIVE_ARCH = YES;
				SDKROOT = iphoneos;
				SWIFT_ACTIVE_COMPILATION_CONDITIONS = "DEBUG $(inherited)";
				SWIFT_OPTIMIZATION_LEVEL = "-Onone";
			};
			name = Debug;
		};
		18D28A022B9713FF008742FB /* Release */ = {
			isa = XCBuildConfiguration;
			baseConfigurationReference = 18D28A102B971B0A008742FB /* Config.xcconfig */;
			buildSettings = {
				ALWAYS_SEARCH_USER_PATHS = NO;
				ASSETCATALOG_COMPILER_GENERATE_SWIFT_ASSET_SYMBOL_EXTENSIONS = YES;
				CLANG_ANALYZER_NONNULL = YES;
				CLANG_ANALYZER_NUMBER_OBJECT_CONVERSION = YES_AGGRESSIVE;
				CLANG_CXX_LANGUAGE_STANDARD = "gnu++20";
				CLANG_ENABLE_MODULES = YES;
				CLANG_ENABLE_OBJC_ARC = YES;
				CLANG_ENABLE_OBJC_WEAK = YES;
				CLANG_WARN_BLOCK_CAPTURE_AUTORELEASING = YES;
				CLANG_WARN_BOOL_CONVERSION = YES;
				CLANG_WARN_COMMA = YES;
				CLANG_WARN_CONSTANT_CONVERSION = YES;
				CLANG_WARN_DEPRECATED_OBJC_IMPLEMENTATIONS = YES;
				CLANG_WARN_DIRECT_OBJC_ISA_USAGE = YES_ERROR;
				CLANG_WARN_DOCUMENTATION_COMMENTS = YES;
				CLANG_WARN_EMPTY_BODY = YES;
				CLANG_WARN_ENUM_CONVERSION = YES;
				CLANG_WARN_INFINITE_RECURSION = YES;
				CLANG_WARN_INT_CONVERSION = YES;
				CLANG_WARN_NON_LITERAL_NULL_CONVERSION = YES;
				CLANG_WARN_OBJC_IMPLICIT_RETAIN_SELF = YES;
				CLANG_WARN_OBJC_LITERAL_CONVERSION = YES;
				CLANG_WARN_OBJC_ROOT_CLASS = YES_ERROR;
				CLANG_WARN_QUOTED_INCLUDE_IN_FRAMEWORK_HEADER = YES;
				CLANG_WARN_RANGE_LOOP_ANALYSIS = YES;
				CLANG_WARN_STRICT_PROTOTYPES = YES;
				CLANG_WARN_SUSPICIOUS_MOVE = YES;
				CLANG_WARN_UNGUARDED_AVAILABILITY = YES_AGGRESSIVE;
				CLANG_WARN_UNREACHABLE_CODE = YES;
				CLANG_WARN__DUPLICATE_METHOD_MATCH = YES;
				COPY_PHASE_STRIP = NO;
				DEBUG_INFORMATION_FORMAT = "dwarf-with-dsym";
				ENABLE_NS_ASSERTIONS = NO;
				ENABLE_STRICT_OBJC_MSGSEND = YES;
				ENABLE_USER_SCRIPT_SANDBOXING = YES;
				GCC_C_LANGUAGE_STANDARD = gnu17;
				GCC_NO_COMMON_BLOCKS = YES;
				GCC_WARN_64_TO_32_BIT_CONVERSION = YES;
				GCC_WARN_ABOUT_RETURN_TYPE = YES_ERROR;
				GCC_WARN_UNDECLARED_SELECTOR = YES;
				GCC_WARN_UNINITIALIZED_AUTOS = YES_AGGRESSIVE;
				GCC_WARN_UNUSED_FUNCTION = YES;
				GCC_WARN_UNUSED_VARIABLE = YES;
				IPHONEOS_DEPLOYMENT_TARGET = 17.2;
				LOCALIZATION_PREFERS_STRING_CATALOGS = YES;
				MTL_ENABLE_DEBUG_INFO = NO;
				MTL_FAST_MATH = YES;
				SDKROOT = iphoneos;
				SWIFT_COMPILATION_MODE = wholemodule;
				VALIDATE_PRODUCT = YES;
			};
			name = Release;
		};
		18D28A042B9713FF008742FB /* Debug */ = {
			isa = XCBuildConfiguration;
			buildSettings = {
				ASSETCATALOG_COMPILER_APPICON_NAME = AppIcon;
				ASSETCATALOG_COMPILER_GLOBAL_ACCENT_COLOR_NAME = AccentColor;
				ASSETCATALOG_COMPILER_INCLUDE_ALL_APPICON_ASSETS = NO;
				CODE_SIGN_STYLE = Automatic;
				CURRENT_PROJECT_VERSION = 2;
				DEVELOPMENT_ASSET_PATHS = "\"Her/Preview Content\"";
				DEVELOPMENT_TEAM = Y2V76WXBUQ;
				ENABLE_PREVIEWS = YES;
				GENERATE_INFOPLIST_FILE = YES;
				INFOPLIST_FILE = Her/Info.plist;
				INFOPLIST_KEY_CFBundleDisplayName = Her;
				INFOPLIST_KEY_LSApplicationCategoryType = "public.app-category.productivity";
				INFOPLIST_KEY_NSCameraUsageDescription = "The camera is needed for some of the audio libraries.";
				INFOPLIST_KEY_NSMicrophoneUsageDescription = "The app needs to access your microphone to chat.";
				INFOPLIST_KEY_UIApplicationSceneManifest_Generation = YES;
				INFOPLIST_KEY_UIApplicationSupportsIndirectInputEvents = YES;
				INFOPLIST_KEY_UILaunchScreen_Generation = YES;
				INFOPLIST_KEY_UILaunchStoryboardName = "";
				INFOPLIST_KEY_UISupportedInterfaceOrientations = UIInterfaceOrientationPortrait;
				INFOPLIST_KEY_UISupportedInterfaceOrientations_iPad = "UIInterfaceOrientationLandscapeLeft UIInterfaceOrientationLandscapeRight UIInterfaceOrientationPortrait UIInterfaceOrientationPortraitUpsideDown";
				LD_RUNPATH_SEARCH_PATHS = (
					"$(inherited)",
					"@executable_path/Frameworks",
				);
				MARKETING_VERSION = 1.0;
				PRODUCT_BUNDLE_IDENTIFIER = io.balance.Her;
				PRODUCT_NAME = "$(TARGET_NAME)";
				SUPPORTED_PLATFORMS = "iphoneos iphonesimulator";
				SUPPORTS_MACCATALYST = NO;
				SUPPORTS_MAC_DESIGNED_FOR_IPHONE_IPAD = NO;
				SUPPORTS_XR_DESIGNED_FOR_IPHONE_IPAD = NO;
				SWIFT_EMIT_LOC_STRINGS = YES;
				SWIFT_VERSION = 5.0;
				TARGETED_DEVICE_FAMILY = 1;
			};
			name = Debug;
		};
		18D28A052B9713FF008742FB /* Release */ = {
			isa = XCBuildConfiguration;
			buildSettings = {
				ASSETCATALOG_COMPILER_APPICON_NAME = AppIcon;
				ASSETCATALOG_COMPILER_GLOBAL_ACCENT_COLOR_NAME = AccentColor;
				ASSETCATALOG_COMPILER_INCLUDE_ALL_APPICON_ASSETS = NO;
				CODE_SIGN_STYLE = Automatic;
				CURRENT_PROJECT_VERSION = 2;
				DEVELOPMENT_ASSET_PATHS = "\"Her/Preview Content\"";
				DEVELOPMENT_TEAM = Y2V76WXBUQ;
				ENABLE_PREVIEWS = YES;
				GENERATE_INFOPLIST_FILE = YES;
				INFOPLIST_FILE = Her/Info.plist;
				INFOPLIST_KEY_CFBundleDisplayName = Her;
				INFOPLIST_KEY_LSApplicationCategoryType = "public.app-category.productivity";
				INFOPLIST_KEY_NSCameraUsageDescription = "The camera is needed for some of the audio libraries.";
				INFOPLIST_KEY_NSMicrophoneUsageDescription = "The app needs to access your microphone to chat.";
				INFOPLIST_KEY_UIApplicationSceneManifest_Generation = YES;
				INFOPLIST_KEY_UIApplicationSupportsIndirectInputEvents = YES;
				INFOPLIST_KEY_UILaunchScreen_Generation = YES;
				INFOPLIST_KEY_UILaunchStoryboardName = "";
				INFOPLIST_KEY_UISupportedInterfaceOrientations = UIInterfaceOrientationPortrait;
				INFOPLIST_KEY_UISupportedInterfaceOrientations_iPad = "UIInterfaceOrientationLandscapeLeft UIInterfaceOrientationLandscapeRight UIInterfaceOrientationPortrait UIInterfaceOrientationPortraitUpsideDown";
				LD_RUNPATH_SEARCH_PATHS = (
					"$(inherited)",
					"@executable_path/Frameworks",
				);
				MARKETING_VERSION = 1.0;
				PRODUCT_BUNDLE_IDENTIFIER = io.balance.Her;
				PRODUCT_NAME = "$(TARGET_NAME)";
				SUPPORTED_PLATFORMS = "iphoneos iphonesimulator";
				SUPPORTS_MACCATALYST = NO;
				SUPPORTS_MAC_DESIGNED_FOR_IPHONE_IPAD = NO;
				SUPPORTS_XR_DESIGNED_FOR_IPHONE_IPAD = NO;
				SWIFT_EMIT_LOC_STRINGS = YES;
				SWIFT_VERSION = 5.0;
				TARGETED_DEVICE_FAMILY = 1;
			};
			name = Release;
		};
		18D28A072B9713FF008742FB /* Debug */ = {
			isa = XCBuildConfiguration;
			buildSettings = {
				ALWAYS_EMBED_SWIFT_STANDARD_LIBRARIES = YES;
				BUNDLE_LOADER = "$(TEST_HOST)";
				CODE_SIGN_STYLE = Automatic;
				CURRENT_PROJECT_VERSION = 1;
				DEVELOPMENT_TEAM = N7PR2BW4AX;
				GENERATE_INFOPLIST_FILE = YES;
				IPHONEOS_DEPLOYMENT_TARGET = 17.2;
				MARKETING_VERSION = 1.0;
				PRODUCT_BUNDLE_IDENTIFIER = io.balance.HerTests;
				PRODUCT_NAME = "$(TARGET_NAME)";
				SWIFT_EMIT_LOC_STRINGS = NO;
				SWIFT_VERSION = 5.0;
				TARGETED_DEVICE_FAMILY = "1,2";
				TEST_HOST = "$(BUILT_PRODUCTS_DIR)/Her.app/$(BUNDLE_EXECUTABLE_FOLDER_PATH)/Her";
			};
			name = Debug;
		};
		18D28A082B9713FF008742FB /* Release */ = {
			isa = XCBuildConfiguration;
			buildSettings = {
				ALWAYS_EMBED_SWIFT_STANDARD_LIBRARIES = YES;
				BUNDLE_LOADER = "$(TEST_HOST)";
				CODE_SIGN_STYLE = Automatic;
				CURRENT_PROJECT_VERSION = 1;
				DEVELOPMENT_TEAM = N7PR2BW4AX;
				GENERATE_INFOPLIST_FILE = YES;
				IPHONEOS_DEPLOYMENT_TARGET = 17.2;
				MARKETING_VERSION = 1.0;
				PRODUCT_BUNDLE_IDENTIFIER = io.balance.HerTests;
				PRODUCT_NAME = "$(TARGET_NAME)";
				SWIFT_EMIT_LOC_STRINGS = NO;
				SWIFT_VERSION = 5.0;
				TARGETED_DEVICE_FAMILY = "1,2";
				TEST_HOST = "$(BUILT_PRODUCTS_DIR)/Her.app/$(BUNDLE_EXECUTABLE_FOLDER_PATH)/Her";
			};
			name = Release;
		};
		18D28A0A2B9713FF008742FB /* Debug */ = {
			isa = XCBuildConfiguration;
			buildSettings = {
				ALWAYS_EMBED_SWIFT_STANDARD_LIBRARIES = YES;
				CODE_SIGN_STYLE = Automatic;
				CURRENT_PROJECT_VERSION = 1;
				DEVELOPMENT_TEAM = N7PR2BW4AX;
				GENERATE_INFOPLIST_FILE = YES;
				MARKETING_VERSION = 1.0;
				PRODUCT_BUNDLE_IDENTIFIER = io.balance.HerUITests;
				PRODUCT_NAME = "$(TARGET_NAME)";
				SWIFT_EMIT_LOC_STRINGS = NO;
				SWIFT_VERSION = 5.0;
				TARGETED_DEVICE_FAMILY = "1,2";
				TEST_TARGET_NAME = Her;
			};
			name = Debug;
		};
		18D28A0B2B9713FF008742FB /* Release */ = {
			isa = XCBuildConfiguration;
			buildSettings = {
				ALWAYS_EMBED_SWIFT_STANDARD_LIBRARIES = YES;
				CODE_SIGN_STYLE = Automatic;
				CURRENT_PROJECT_VERSION = 1;
				DEVELOPMENT_TEAM = N7PR2BW4AX;
				GENERATE_INFOPLIST_FILE = YES;
				MARKETING_VERSION = 1.0;
				PRODUCT_BUNDLE_IDENTIFIER = io.balance.HerUITests;
				PRODUCT_NAME = "$(TARGET_NAME)";
				SWIFT_EMIT_LOC_STRINGS = NO;
				SWIFT_VERSION = 5.0;
				TARGETED_DEVICE_FAMILY = "1,2";
				TEST_TARGET_NAME = Her;
			};
			name = Release;
		};
/* End XCBuildConfiguration section */

/* Begin XCConfigurationList section */
		18D289DA2B9713FE008742FB /* Build configuration list for PBXProject "Her" */ = {
			isa = XCConfigurationList;
			buildConfigurations = (
				18D28A012B9713FF008742FB /* Debug */,
				18D28A022B9713FF008742FB /* Release */,
			);
			defaultConfigurationIsVisible = 0;
			defaultConfigurationName = Release;
		};
		18D28A032B9713FF008742FB /* Build configuration list for PBXNativeTarget "Her" */ = {
			isa = XCConfigurationList;
			buildConfigurations = (
				18D28A042B9713FF008742FB /* Debug */,
				18D28A052B9713FF008742FB /* Release */,
			);
			defaultConfigurationIsVisible = 0;
			defaultConfigurationName = Release;
		};
		18D28A062B9713FF008742FB /* Build configuration list for PBXNativeTarget "HerTests" */ = {
			isa = XCConfigurationList;
			buildConfigurations = (
				18D28A072B9713FF008742FB /* Debug */,
				18D28A082B9713FF008742FB /* Release */,
			);
			defaultConfigurationIsVisible = 0;
			defaultConfigurationName = Release;
		};
		18D28A092B9713FF008742FB /* Build configuration list for PBXNativeTarget "HerUITests" */ = {
			isa = XCConfigurationList;
			buildConfigurations = (
				18D28A0A2B9713FF008742FB /* Debug */,
				18D28A0B2B9713FF008742FB /* Release */,
			);
			defaultConfigurationIsVisible = 0;
			defaultConfigurationName = Release;
		};
/* End XCConfigurationList section */

/* Begin XCRemoteSwiftPackageReference section */
		18D28A0C2B971574008742FB /* XCRemoteSwiftPackageReference "ios" */ = {
			isa = XCRemoteSwiftPackageReference;
			repositoryURL = "https://github.com/VapiAI/ios";
			requirement = {
				branch = main;
				kind = branch;
			};
		};
/* End XCRemoteSwiftPackageReference section */

/* Begin XCSwiftPackageProductDependency section */
		18D28A0D2B971574008742FB /* Vapi */ = {
			isa = XCSwiftPackageProductDependency;
			package = 18D28A0C2B971574008742FB /* XCRemoteSwiftPackageReference "ios" */;
			productName = Vapi;
		};
/* End XCSwiftPackageProductDependency section */
	};
	rootObject = 18D289D72B9713FE008742FB /* Project object */;
}
