// !$*UTF8*$!
{
	archiveVersion = 1;
	classes = {
	};
	objectVersion = 56;
	objects = {

/* Begin PBXBuildFile section */
		1849A5472BBDD68A00A4BCF1 /* UIScreen+Extensions.swift in Sources */ = {isa = PBXBuildFile; fileRef = 1849A5462BBDD68A00A4BCF1 /* UIScreen+Extensions.swift */; };
		1849A54A2BBDD6FF00A4BCF1 /* LockScreenWidgetGuideView.swift in Sources */ = {isa = PBXBuildFile; fileRef = 1849A5482BBDD6FF00A4BCF1 /* LockScreenWidgetGuideView.swift */; };
		1849A54B2BBDD6FF00A4BCF1 /* HomeScreenWidgetGuideView.swift in Sources */ = {isa = PBXBuildFile; fileRef = 1849A5492BBDD6FF00A4BCF1 /* HomeScreenWidgetGuideView.swift */; };
		1849A54D2BBDDF7100A4BCF1 /* LaunchScreenViewController.swift in Sources */ = {isa = PBXBuildFile; fileRef = 1849A54C2BBDDF7100A4BCF1 /* LaunchScreenViewController.swift */; };
		18D289E32B9713FE008742FB /* ResApp.swift in Sources */ = {isa = PBXBuildFile; fileRef = 18D289E22B9713FE008742FB /* ResApp.swift */; };
		18D289E52B9713FE008742FB /* MainViewClassic.swift in Sources */ = {isa = PBXBuildFile; fileRef = 18D289E42B9713FE008742FB /* MainViewClassic.swift */; };
		18D289E72B9713FF008742FB /* Assets.xcassets in Resources */ = {isa = PBXBuildFile; fileRef = 18D289E62B9713FF008742FB /* Assets.xcassets */; };
		18F7232E2BA95060003F44FA /* WidgetKit.framework in Frameworks */ = {isa = PBXBuildFile; fileRef = 18F7232D2BA95060003F44FA /* WidgetKit.framework */; };
		18F723302BA95060003F44FA /* SwiftUI.framework in Frameworks */ = {isa = PBXBuildFile; fileRef = 18F7232F2BA95060003F44FA /* SwiftUI.framework */; };
		18F723332BA95060003F44FA /* Res_ExtensionBundle.swift in Sources */ = {isa = PBXBuildFile; fileRef = 18F723322BA95060003F44FA /* Res_ExtensionBundle.swift */; };
		18F723352BA95060003F44FA /* Res_ExtensionLiveActivity.swift in Sources */ = {isa = PBXBuildFile; fileRef = 18F723342BA95060003F44FA /* Res_ExtensionLiveActivity.swift */; };
		18F723372BA95060003F44FA /* Res_Extension.swift in Sources */ = {isa = PBXBuildFile; fileRef = 18F723362BA95060003F44FA /* Res_Extension.swift */; };
		18F723392BA95060003F44FA /* AppIntent.swift in Sources */ = {isa = PBXBuildFile; fileRef = 18F723382BA95060003F44FA /* AppIntent.swift */; };
		18F7233B2BA95062003F44FA /* Assets.xcassets in Resources */ = {isa = PBXBuildFile; fileRef = 18F7233A2BA95062003F44FA /* Assets.xcassets */; };
		18F7233F2BA95062003F44FA /* Res ExtensionExtension.appex in Embed Foundation Extensions */ = {isa = PBXBuildFile; fileRef = 18F7232B2BA95060003F44FA /* Res ExtensionExtension.appex */; settings = {ATTRIBUTES = (RemoveHeadersOnCopy, ); }; };
		18F723892BAC2695003F44FA /* ActivityKit.framework in Frameworks */ = {isa = PBXBuildFile; fileRef = 18F723882BAC2694003F44FA /* ActivityKit.framework */; };
		18F7238B2BAC2C17003F44FA /* Vapi in Frameworks */ = {isa = PBXBuildFile; productRef = 18F7238A2BAC2C17003F44FA /* Vapi */; };
		18F7238D2BAC2C3C003F44FA /* Vapi in Frameworks */ = {isa = PBXBuildFile; productRef = 18F7238C2BAC2C3C003F44FA /* Vapi */; };
		2DE1830E58A749F8A3633BED /* Sentry in Frameworks */ = {isa = PBXBuildFile; productRef = 00571768FCC847B5B370CACD /* Sentry */; };
		B91C79312C011C3E00D45290 /* WaveTest.swift in Sources */ = {isa = PBXBuildFile; fileRef = B91C79302C011C3E00D45290 /* WaveTest.swift */; };
		B91C79332C011EB700D45290 /* VolumeObserver.swift in Sources */ = {isa = PBXBuildFile; fileRef = B91C79322C011EB700D45290 /* VolumeObserver.swift */; };
		B953528C2BFE771600C1E32C /* WaveAnimation.swift in Sources */ = {isa = PBXBuildFile; fileRef = B953528B2BFE771600C1E32C /* WaveAnimation.swift */; };
		B95D2F332BA4EAF5003C7C17 /* CallManager.swift in Sources */ = {isa = PBXBuildFile; fileRef = B95D2F322BA4EAF5003C7C17 /* CallManager.swift */; };
		B95D2F352BA4EB32003C7C17 /* CustomTextEditor.swift in Sources */ = {isa = PBXBuildFile; fileRef = B95D2F342BA4EB32003C7C17 /* CustomTextEditor.swift */; };
		B976AF672BF438CE0014196F /* dial.up.sound.mp3 in Resources */ = {isa = PBXBuildFile; fileRef = B976AF662BF438CE0014196F /* dial.up.sound.mp3 */; };
		F31C49412BBE75C70075477D /* VoiceSettingsView.swift in Sources */ = {isa = PBXBuildFile; fileRef = F31C49402BBE75C70075477D /* VoiceSettingsView.swift */; };
		F31C49432BBF85890075477D /* CustomTextPromptView.swift in Sources */ = {isa = PBXBuildFile; fileRef = F31C49422BBF85890075477D /* CustomTextPromptView.swift */; };
		F31C49452BBF86950075477D /* VoiceTypeAndToneView.swift in Sources */ = {isa = PBXBuildFile; fileRef = F31C49442BBF86950075477D /* VoiceTypeAndToneView.swift */; };
		F31C49472BC0DDC60075477D /* AudioVisualizerView.swift in Sources */ = {isa = PBXBuildFile; fileRef = F31C49462BC0DDC60075477D /* AudioVisualizerView.swift */; };
		F31C49492BC111180075477D /* VoiceTypeAndToneSettingsView.swift in Sources */ = {isa = PBXBuildFile; fileRef = F31C49482BC111180075477D /* VoiceTypeAndToneSettingsView.swift */; };
		F31C494B2BC37C080075477D /* Loader.swift in Sources */ = {isa = PBXBuildFile; fileRef = F31C494A2BC37C080075477D /* Loader.swift */; };
		F3B5AB182BACDB8A009CDBB5 /* HalfModalView.swift in Sources */ = {isa = PBXBuildFile; fileRef = F3B5AB172BACDB8A009CDBB5 /* HalfModalView.swift */; };
		F3B5AB1A2BACE488009CDBB5 /* XMarkButton.swift in Sources */ = {isa = PBXBuildFile; fileRef = F3B5AB192BACE488009CDBB5 /* XMarkButton.swift */; };
		F3B5AB1E2BAD062D009CDBB5 /* AppSettingsView.swift in Sources */ = {isa = PBXBuildFile; fileRef = F3B5AB1D2BAD062D009CDBB5 /* AppSettingsView.swift */; };
		F3B5AB212BAD08F1009CDBB5 /* AnimationUtility.swift in Sources */ = {isa = PBXBuildFile; fileRef = F3B5AB202BAD08F1009CDBB5 /* AnimationUtility.swift */; };
		F3B5AB252BAE91E3009CDBB5 /* CustomLinkView.swift in Sources */ = {isa = PBXBuildFile; fileRef = F3B5AB242BAE91E3009CDBB5 /* CustomLinkView.swift */; };
		F3E72E462BF95FA6001FB6E4 /* MainViewTeenageEng.swift in Sources */ = {isa = PBXBuildFile; fileRef = F3E72E452BF95FA6001FB6E4 /* MainViewTeenageEng.swift */; };
		F3E72E4A2BF961B6001FB6E4 /* VoiceTypeAndToneSettingsTeView.swift in Sources */ = {isa = PBXBuildFile; fileRef = F3E72E492BF961B6001FB6E4 /* VoiceTypeAndToneSettingsTeView.swift */; };
		F3E72E4C2BF9620B001FB6E4 /* VoiceTypeAndToneTeView.swift in Sources */ = {isa = PBXBuildFile; fileRef = F3E72E4B2BF9620B001FB6E4 /* VoiceTypeAndToneTeView.swift */; };
		F3E72E4E2BF96240001FB6E4 /* CustomTextPromptTeView.swift in Sources */ = {isa = PBXBuildFile; fileRef = F3E72E4D2BF96240001FB6E4 /* CustomTextPromptTeView.swift */; };
		F3E72E502BF962F7001FB6E4 /* VoiceSettingsTeView.swift in Sources */ = {isa = PBXBuildFile; fileRef = F3E72E4F2BF962F7001FB6E4 /* VoiceSettingsTeView.swift */; };
		F3E72E522BF9632A001FB6E4 /* AppSettingsTeView.swift in Sources */ = {isa = PBXBuildFile; fileRef = F3E72E512BF9632A001FB6E4 /* AppSettingsTeView.swift */; };
		FA14AACD2BE84F43001C7486 /* SupabaseManager.swift in Sources */ = {isa = PBXBuildFile; fileRef = FA14AACC2BE84F43001C7486 /* SupabaseManager.swift */; };
		FA14AAD02BE850A0001C7486 /* Auth in Frameworks */ = {isa = PBXBuildFile; productRef = FA14AACF2BE850A0001C7486 /* Auth */; };
		FA14AAD22BE850A0001C7486 /* Functions in Frameworks */ = {isa = PBXBuildFile; productRef = FA14AAD12BE850A0001C7486 /* Functions */; };
		FA14AAD42BE850A0001C7486 /* Supabase in Frameworks */ = {isa = PBXBuildFile; productRef = FA14AAD32BE850A0001C7486 /* Supabase */; };
		FA5550A22BEDD4AF00C7648B /* (null) in Frameworks */ = {isa = PBXBuildFile; };
		FA5550A32BEDD4AF00C7648B /* Sentry in Frameworks */ = {isa = PBXBuildFile; productRef = 00571768FCC847B5B370CACD /* Sentry */; };
		FA5550A52BEDD4CF00C7648B /* AuthScreenView.swift in Sources */ = {isa = PBXBuildFile; fileRef = FA5550A42BEDD4CF00C7648B /* AuthScreenView.swift */; };
		FA7944DC2BE6D08C0035EC8B /* Config.swift in Sources */ = {isa = PBXBuildFile; fileRef = FA7944DB2BE6D08C0035EC8B /* Config.swift */; };
		FA8DCFA12BEC19B800F54DCA /* ResUITests.swift in Sources */ = {isa = PBXBuildFile; fileRef = FA8DCF9E2BEC195B00F54DCA /* ResUITests.swift */; };
		FA8DCFA22BEC19B800F54DCA /* ResUITestsLaunchTests.swift in Sources */ = {isa = PBXBuildFile; fileRef = FA8DCF9F2BEC195B00F54DCA /* ResUITestsLaunchTests.swift */; };
		FA8DCFA32BEC19C700F54DCA /* ResTests.swift in Sources */ = {isa = PBXBuildFile; fileRef = FA8DCF9C2BEC194900F54DCA /* ResTests.swift */; };
		FA95764F2BEA4C3100EC2FA4 /* (null) in Frameworks */ = {isa = PBXBuildFile; };
		FA9576502BEA4C3100EC2FA4 /* (null) in Frameworks */ = {isa = PBXBuildFile; };
		FA9576522BEA4CDD00EC2FA4 /* SentryManager.swift in Sources */ = {isa = PBXBuildFile; fileRef = FA9576512BEA4CDD00EC2FA4 /* SentryManager.swift */; };
		FA9576972BEC099700EC2FA4 /* XCTest.framework in Frameworks */ = {isa = PBXBuildFile; fileRef = FA9576962BEC099700EC2FA4 /* XCTest.framework */; platformFilter = ios; };
/* End PBXBuildFile section */

/* Begin PBXContainerItemProxy section */
		18D289F02B9713FF008742FB /* PBXContainerItemProxy */ = {
			isa = PBXContainerItemProxy;
			containerPortal = 18D289D72B9713FE008742FB /* Project object */;
			proxyType = 1;
			remoteGlobalIDString = 18D289DE2B9713FE008742FB;
			remoteInfo = Her;
		};
		18D289FA2B9713FF008742FB /* PBXContainerItemProxy */ = {
			isa = PBXContainerItemProxy;
			containerPortal = 18D289D72B9713FE008742FB /* Project object */;
			proxyType = 1;
			remoteGlobalIDString = 18D289DE2B9713FE008742FB;
			remoteInfo = Her;
		};
		18F7233D2BA95062003F44FA /* PBXContainerItemProxy */ = {
			isa = PBXContainerItemProxy;
			containerPortal = 18D289D72B9713FE008742FB /* Project object */;
			proxyType = 1;
			remoteGlobalIDString = 18F7232A2BA95060003F44FA;
			remoteInfo = "Her ExtensionExtension";
		};
/* End PBXContainerItemProxy section */

/* Begin PBXCopyFilesBuildPhase section */
		18F723432BA95062003F44FA /* Embed Foundation Extensions */ = {
			isa = PBXCopyFilesBuildPhase;
			buildActionMask = 2147483647;
			dstPath = "";
			dstSubfolderSpec = 13;
			files = (
				18F7233F2BA95062003F44FA /* Res ExtensionExtension.appex in Embed Foundation Extensions */,
			);
			name = "Embed Foundation Extensions";
			runOnlyForDeploymentPostprocessing = 0;
		};
/* End PBXCopyFilesBuildPhase section */

/* Begin PBXFileReference section */
		1849A5462BBDD68A00A4BCF1 /* UIScreen+Extensions.swift */ = {isa = PBXFileReference; fileEncoding = 4; lastKnownFileType = sourcecode.swift; path = "UIScreen+Extensions.swift"; sourceTree = "<group>"; };
		1849A5482BBDD6FF00A4BCF1 /* LockScreenWidgetGuideView.swift */ = {isa = PBXFileReference; fileEncoding = 4; lastKnownFileType = sourcecode.swift; path = LockScreenWidgetGuideView.swift; sourceTree = "<group>"; };
		1849A5492BBDD6FF00A4BCF1 /* HomeScreenWidgetGuideView.swift */ = {isa = PBXFileReference; fileEncoding = 4; lastKnownFileType = sourcecode.swift; path = HomeScreenWidgetGuideView.swift; sourceTree = "<group>"; };
		1849A54C2BBDDF7100A4BCF1 /* LaunchScreenViewController.swift */ = {isa = PBXFileReference; fileEncoding = 4; lastKnownFileType = sourcecode.swift; path = LaunchScreenViewController.swift; sourceTree = "<group>"; };
		18D289DF2B9713FE008742FB /* Res.app */ = {isa = PBXFileReference; explicitFileType = wrapper.application; includeInIndex = 0; path = Res.app; sourceTree = BUILT_PRODUCTS_DIR; };
		18D289E22B9713FE008742FB /* ResApp.swift */ = {isa = PBXFileReference; lastKnownFileType = sourcecode.swift; path = ResApp.swift; sourceTree = "<group>"; };
		18D289E42B9713FE008742FB /* MainViewClassic.swift */ = {isa = PBXFileReference; lastKnownFileType = sourcecode.swift; path = MainViewClassic.swift; sourceTree = "<group>"; };
		18D289E62B9713FF008742FB /* Assets.xcassets */ = {isa = PBXFileReference; lastKnownFileType = folder.assetcatalog; path = Assets.xcassets; sourceTree = "<group>"; };
		18D289EF2B9713FF008742FB /* ResTests.xctest */ = {isa = PBXFileReference; explicitFileType = wrapper.cfbundle; includeInIndex = 0; path = ResTests.xctest; sourceTree = BUILT_PRODUCTS_DIR; };
		18D289F92B9713FF008742FB /* ResUITests.xctest */ = {isa = PBXFileReference; explicitFileType = wrapper.cfbundle; includeInIndex = 0; path = ResUITests.xctest; sourceTree = BUILT_PRODUCTS_DIR; };
		18D28A0F2B97178E008742FB /* Info.plist */ = {isa = PBXFileReference; lastKnownFileType = text.plist; path = Info.plist; sourceTree = "<group>"; };
		18F7232B2BA95060003F44FA /* Res ExtensionExtension.appex */ = {isa = PBXFileReference; explicitFileType = "wrapper.app-extension"; includeInIndex = 0; path = "Res ExtensionExtension.appex"; sourceTree = BUILT_PRODUCTS_DIR; };
		18F7232D2BA95060003F44FA /* WidgetKit.framework */ = {isa = PBXFileReference; lastKnownFileType = wrapper.framework; name = WidgetKit.framework; path = System/Library/Frameworks/WidgetKit.framework; sourceTree = SDKROOT; };
		18F7232F2BA95060003F44FA /* SwiftUI.framework */ = {isa = PBXFileReference; lastKnownFileType = wrapper.framework; name = SwiftUI.framework; path = System/Library/Frameworks/SwiftUI.framework; sourceTree = SDKROOT; };
		18F723322BA95060003F44FA /* Res_ExtensionBundle.swift */ = {isa = PBXFileReference; lastKnownFileType = sourcecode.swift; path = Res_ExtensionBundle.swift; sourceTree = "<group>"; };
		18F723342BA95060003F44FA /* Res_ExtensionLiveActivity.swift */ = {isa = PBXFileReference; lastKnownFileType = sourcecode.swift; path = Res_ExtensionLiveActivity.swift; sourceTree = "<group>"; };
		18F723362BA95060003F44FA /* Res_Extension.swift */ = {isa = PBXFileReference; lastKnownFileType = sourcecode.swift; path = Res_Extension.swift; sourceTree = "<group>"; };
		18F723382BA95060003F44FA /* AppIntent.swift */ = {isa = PBXFileReference; lastKnownFileType = sourcecode.swift; path = AppIntent.swift; sourceTree = "<group>"; };
		18F7233A2BA95062003F44FA /* Assets.xcassets */ = {isa = PBXFileReference; lastKnownFileType = folder.assetcatalog; path = Assets.xcassets; sourceTree = "<group>"; };
		18F7233C2BA95062003F44FA /* Info.plist */ = {isa = PBXFileReference; lastKnownFileType = text.plist.xml; path = Info.plist; sourceTree = "<group>"; };
		18F723882BAC2694003F44FA /* ActivityKit.framework */ = {isa = PBXFileReference; lastKnownFileType = wrapper.framework; name = ActivityKit.framework; path = System/Library/Frameworks/ActivityKit.framework; sourceTree = SDKROOT; };
		B91C79302C011C3E00D45290 /* WaveTest.swift */ = {isa = PBXFileReference; lastKnownFileType = sourcecode.swift; path = WaveTest.swift; sourceTree = "<group>"; };
		B91C79322C011EB700D45290 /* VolumeObserver.swift */ = {isa = PBXFileReference; lastKnownFileType = sourcecode.swift; path = VolumeObserver.swift; sourceTree = "<group>"; };
		B953528B2BFE771600C1E32C /* WaveAnimation.swift */ = {isa = PBXFileReference; lastKnownFileType = sourcecode.swift; path = WaveAnimation.swift; sourceTree = "<group>"; };
		B95D2F322BA4EAF5003C7C17 /* CallManager.swift */ = {isa = PBXFileReference; lastKnownFileType = sourcecode.swift; path = CallManager.swift; sourceTree = "<group>"; };
		B95D2F342BA4EB32003C7C17 /* CustomTextEditor.swift */ = {isa = PBXFileReference; lastKnownFileType = sourcecode.swift; path = CustomTextEditor.swift; sourceTree = "<group>"; };
		B976AF662BF438CE0014196F /* dial.up.sound.mp3 */ = {isa = PBXFileReference; lastKnownFileType = audio.mp3; path = dial.up.sound.mp3; sourceTree = "<group>"; };
		F31C49402BBE75C70075477D /* VoiceSettingsView.swift */ = {isa = PBXFileReference; lastKnownFileType = sourcecode.swift; path = VoiceSettingsView.swift; sourceTree = "<group>"; };
		F31C49422BBF85890075477D /* CustomTextPromptView.swift */ = {isa = PBXFileReference; lastKnownFileType = sourcecode.swift; path = CustomTextPromptView.swift; sourceTree = "<group>"; };
		F31C49442BBF86950075477D /* VoiceTypeAndToneView.swift */ = {isa = PBXFileReference; lastKnownFileType = sourcecode.swift; path = VoiceTypeAndToneView.swift; sourceTree = "<group>"; };
		F31C49462BC0DDC60075477D /* AudioVisualizerView.swift */ = {isa = PBXFileReference; lastKnownFileType = sourcecode.swift; path = AudioVisualizerView.swift; sourceTree = "<group>"; };
		F31C49482BC111180075477D /* VoiceTypeAndToneSettingsView.swift */ = {isa = PBXFileReference; lastKnownFileType = sourcecode.swift; path = VoiceTypeAndToneSettingsView.swift; sourceTree = "<group>"; };
		F31C494A2BC37C080075477D /* Loader.swift */ = {isa = PBXFileReference; lastKnownFileType = sourcecode.swift; path = Loader.swift; sourceTree = "<group>"; };
		F3B5AB172BACDB8A009CDBB5 /* HalfModalView.swift */ = {isa = PBXFileReference; lastKnownFileType = sourcecode.swift; path = HalfModalView.swift; sourceTree = "<group>"; };
		F3B5AB192BACE488009CDBB5 /* XMarkButton.swift */ = {isa = PBXFileReference; lastKnownFileType = sourcecode.swift; path = XMarkButton.swift; sourceTree = "<group>"; };
		F3B5AB1D2BAD062D009CDBB5 /* AppSettingsView.swift */ = {isa = PBXFileReference; lastKnownFileType = sourcecode.swift; path = AppSettingsView.swift; sourceTree = "<group>"; };
		F3B5AB202BAD08F1009CDBB5 /* AnimationUtility.swift */ = {isa = PBXFileReference; lastKnownFileType = sourcecode.swift; path = AnimationUtility.swift; sourceTree = "<group>"; };
		F3B5AB242BAE91E3009CDBB5 /* CustomLinkView.swift */ = {isa = PBXFileReference; lastKnownFileType = sourcecode.swift; path = CustomLinkView.swift; sourceTree = "<group>"; };
		F3E72E452BF95FA6001FB6E4 /* MainViewTeenageEng.swift */ = {isa = PBXFileReference; lastKnownFileType = sourcecode.swift; path = MainViewTeenageEng.swift; sourceTree = "<group>"; };
		F3E72E492BF961B6001FB6E4 /* VoiceTypeAndToneSettingsTeView.swift */ = {isa = PBXFileReference; lastKnownFileType = sourcecode.swift; path = VoiceTypeAndToneSettingsTeView.swift; sourceTree = "<group>"; };
		F3E72E4B2BF9620B001FB6E4 /* VoiceTypeAndToneTeView.swift */ = {isa = PBXFileReference; lastKnownFileType = sourcecode.swift; path = VoiceTypeAndToneTeView.swift; sourceTree = "<group>"; };
		F3E72E4D2BF96240001FB6E4 /* CustomTextPromptTeView.swift */ = {isa = PBXFileReference; lastKnownFileType = sourcecode.swift; path = CustomTextPromptTeView.swift; sourceTree = "<group>"; };
		F3E72E4F2BF962F7001FB6E4 /* VoiceSettingsTeView.swift */ = {isa = PBXFileReference; lastKnownFileType = sourcecode.swift; path = VoiceSettingsTeView.swift; sourceTree = "<group>"; };
		F3E72E512BF9632A001FB6E4 /* AppSettingsTeView.swift */ = {isa = PBXFileReference; lastKnownFileType = sourcecode.swift; path = AppSettingsTeView.swift; sourceTree = "<group>"; };
		FA14AACA2BE80E0B001C7486 /* Config.xcconfig */ = {isa = PBXFileReference; fileEncoding = 4; lastKnownFileType = text.xcconfig; path = Config.xcconfig; sourceTree = "<group>"; };
		FA14AACC2BE84F43001C7486 /* SupabaseManager.swift */ = {isa = PBXFileReference; lastKnownFileType = sourcecode.swift; path = SupabaseManager.swift; sourceTree = "<group>"; };
		FA5550A42BEDD4CF00C7648B /* AuthScreenView.swift */ = {isa = PBXFileReference; fileEncoding = 4; lastKnownFileType = sourcecode.swift; path = AuthScreenView.swift; sourceTree = "<group>"; };
		FA7944D82BE636360035EC8B /* Config.template.xcconfig */ = {isa = PBXFileReference; lastKnownFileType = text.xcconfig; path = Config.template.xcconfig; sourceTree = "<group>"; };
		FA7944DB2BE6D08C0035EC8B /* Config.swift */ = {isa = PBXFileReference; lastKnownFileType = sourcecode.swift; path = Config.swift; sourceTree = "<group>"; };
		FA8DCF9C2BEC194900F54DCA /* ResTests.swift */ = {isa = PBXFileReference; lastKnownFileType = sourcecode.swift; path = ResTests.swift; sourceTree = "<group>"; };
		FA8DCF9E2BEC195B00F54DCA /* ResUITests.swift */ = {isa = PBXFileReference; lastKnownFileType = sourcecode.swift; path = ResUITests.swift; sourceTree = "<group>"; };
		FA8DCF9F2BEC195B00F54DCA /* ResUITestsLaunchTests.swift */ = {isa = PBXFileReference; lastKnownFileType = sourcecode.swift; path = ResUITestsLaunchTests.swift; sourceTree = "<group>"; };
		FA9576512BEA4CDD00EC2FA4 /* SentryManager.swift */ = {isa = PBXFileReference; fileEncoding = 4; lastKnownFileType = sourcecode.swift; path = SentryManager.swift; sourceTree = "<group>"; };
		FA9576962BEC099700EC2FA4 /* XCTest.framework */ = {isa = PBXFileReference; lastKnownFileType = wrapper.framework; name = XCTest.framework; path = Platforms/iPhoneOS.platform/Developer/Library/Frameworks/XCTest.framework; sourceTree = DEVELOPER_DIR; };
/* End PBXFileReference section */

/* Begin PBXFrameworksBuildPhase section */
		18D289DC2B9713FE008742FB /* Frameworks */ = {
			isa = PBXFrameworksBuildPhase;
			buildActionMask = 2147483647;
			files = (
				FA5550A32BEDD4AF00C7648B /* Sentry in Frameworks */,
				FA14AAD42BE850A0001C7486 /* Supabase in Frameworks */,
				18F7238D2BAC2C3C003F44FA /* Vapi in Frameworks */,
				18F723892BAC2695003F44FA /* ActivityKit.framework in Frameworks */,
				FA14AAD22BE850A0001C7486 /* Functions in Frameworks */,
				FA14AAD02BE850A0001C7486 /* Auth in Frameworks */,
				FA5550A22BEDD4AF00C7648B /* (null) in Frameworks */,
			);
			runOnlyForDeploymentPostprocessing = 0;
		};
		18D289EC2B9713FF008742FB /* Frameworks */ = {
			isa = PBXFrameworksBuildPhase;
			buildActionMask = 2147483647;
			files = (
				FA95764F2BEA4C3100EC2FA4 /* (null) in Frameworks */,
				FA9576972BEC099700EC2FA4 /* XCTest.framework in Frameworks */,
			);
			runOnlyForDeploymentPostprocessing = 0;
		};
		18D289F62B9713FF008742FB /* Frameworks */ = {
			isa = PBXFrameworksBuildPhase;
			buildActionMask = 2147483647;
			files = (
				FA9576502BEA4C3100EC2FA4 /* (null) in Frameworks */,
			);
			runOnlyForDeploymentPostprocessing = 0;
		};
		18F723282BA95060003F44FA /* Frameworks */ = {
			isa = PBXFrameworksBuildPhase;
			buildActionMask = 2147483647;
			files = (
				18F723302BA95060003F44FA /* SwiftUI.framework in Frameworks */,
				18F7232E2BA95060003F44FA /* WidgetKit.framework in Frameworks */,
				18F7238B2BAC2C17003F44FA /* Vapi in Frameworks */,
				2DE1830E58A749F8A3633BED /* Sentry in Frameworks */,
			);
			runOnlyForDeploymentPostprocessing = 0;
		};
/* End PBXFrameworksBuildPhase section */

/* Begin PBXGroup section */
		18D289D62B9713FE008742FB = {
			isa = PBXGroup;
			children = (
				18D289E12B9713FE008742FB /* Res */,
				FA8DCF9D2BEC194900F54DCA /* ResTests */,
				FA8DCFA02BEC195B00F54DCA /* ResUITests */,
				18F723312BA95060003F44FA /* Res Extension */,
				18F7232C2BA95060003F44FA /* Frameworks */,
				18D289E02B9713FE008742FB /* Products */,
			);
			sourceTree = "<group>";
		};
		18D289E02B9713FE008742FB /* Products */ = {
			isa = PBXGroup;
			children = (
				18D289DF2B9713FE008742FB /* Res.app */,
				18D289EF2B9713FF008742FB /* ResTests.xctest */,
				18D289F92B9713FF008742FB /* ResUITests.xctest */,
				18F7232B2BA95060003F44FA /* Res ExtensionExtension.appex */,
			);
			name = Products;
			sourceTree = "<group>";
		};
		18D289E12B9713FE008742FB /* Res */ = {
			isa = PBXGroup;
			children = (
				18D289E22B9713FE008742FB /* ResApp.swift */,
				B91C79322C011EB700D45290 /* VolumeObserver.swift */,
				B91C79302C011C3E00D45290 /* WaveTest.swift */,
				F3E72E532BF9ACC6001FB6E4 /* Skins */,
				F3B5AB232BAD35BD009CDBB5 /* Views */,
				F3B5AB222BAD358D009CDBB5 /* Managers */,
				F3B5AB1F2BAD08CA009CDBB5 /* Utilities */,
				B95D2F3A2BA4F35F003C7C17 /* Components */,
				18D28A0F2B97178E008742FB /* Info.plist */,
				18D289E62B9713FF008742FB /* Assets.xcassets */,
				B976AF662BF438CE0014196F /* dial.up.sound.mp3 */,
				FA7944D82BE636360035EC8B /* Config.template.xcconfig */,
				FA14AACA2BE80E0B001C7486 /* Config.xcconfig */,
				FA7944DB2BE6D08C0035EC8B /* Config.swift */,
			);
			path = Res;
			sourceTree = "<group>";
		};
		18F7232C2BA95060003F44FA /* Frameworks */ = {
			isa = PBXGroup;
			children = (
				FA9576962BEC099700EC2FA4 /* XCTest.framework */,
				18F723882BAC2694003F44FA /* ActivityKit.framework */,
				18F7232D2BA95060003F44FA /* WidgetKit.framework */,
				18F7232F2BA95060003F44FA /* SwiftUI.framework */,
			);
			name = Frameworks;
			sourceTree = "<group>";
		};
		18F723312BA95060003F44FA /* Res Extension */ = {
			isa = PBXGroup;
			children = (
				18F723322BA95060003F44FA /* Res_ExtensionBundle.swift */,
				18F723342BA95060003F44FA /* Res_ExtensionLiveActivity.swift */,
				18F723362BA95060003F44FA /* Res_Extension.swift */,
				18F723382BA95060003F44FA /* AppIntent.swift */,
				18F7233A2BA95062003F44FA /* Assets.xcassets */,
				18F7233C2BA95062003F44FA /* Info.plist */,
			);
			path = "Res Extension";
			sourceTree = "<group>";
		};
		B95D2F3A2BA4F35F003C7C17 /* Components */ = {
			isa = PBXGroup;
			children = (
				B95D2F342BA4EB32003C7C17 /* CustomTextEditor.swift */,
				F3B5AB172BACDB8A009CDBB5 /* HalfModalView.swift */,
				F3B5AB192BACE488009CDBB5 /* XMarkButton.swift */,
				F3B5AB242BAE91E3009CDBB5 /* CustomLinkView.swift */,
				F31C494A2BC37C080075477D /* Loader.swift */,
			);
			path = Components;
			sourceTree = "<group>";
		};
		F3B5AB1F2BAD08CA009CDBB5 /* Utilities */ = {
			isa = PBXGroup;
			children = (
				1849A5462BBDD68A00A4BCF1 /* UIScreen+Extensions.swift */,
				F3B5AB202BAD08F1009CDBB5 /* AnimationUtility.swift */,
			);
			path = Utilities;
			sourceTree = "<group>";
		};
		F3B5AB222BAD358D009CDBB5 /* Managers */ = {
			isa = PBXGroup;
			children = (
				B95D2F322BA4EAF5003C7C17 /* CallManager.swift */,
				FA14AACC2BE84F43001C7486 /* SupabaseManager.swift */,
				FA9576512BEA4CDD00EC2FA4 /* SentryManager.swift */,
			);
			path = Managers;
			sourceTree = "<group>";
		};
		F3B5AB232BAD35BD009CDBB5 /* Views */ = {
			isa = PBXGroup;
			children = (
				F3E72E482BF960D5001FB6E4 /* ClassicRes */,
				F3E72E472BF960CB001FB6E4 /* TeenageEng */,
				FA5550A42BEDD4CF00C7648B /* AuthScreenView.swift */,
				1849A5492BBDD6FF00A4BCF1 /* HomeScreenWidgetGuideView.swift */,
				F31C49462BC0DDC60075477D /* AudioVisualizerView.swift */,
				1849A5482BBDD6FF00A4BCF1 /* LockScreenWidgetGuideView.swift */,
				1849A54C2BBDDF7100A4BCF1 /* LaunchScreenViewController.swift */,
				B953528B2BFE771600C1E32C /* WaveAnimation.swift */,
			);
			path = Views;
			sourceTree = "<group>";
		};
		F3E72E472BF960CB001FB6E4 /* TeenageEng */ = {
			isa = PBXGroup;
			children = (
				F3E72E512BF9632A001FB6E4 /* AppSettingsTeView.swift */,
				F3E72E4F2BF962F7001FB6E4 /* VoiceSettingsTeView.swift */,
				F3E72E4D2BF96240001FB6E4 /* CustomTextPromptTeView.swift */,
				F3E72E4B2BF9620B001FB6E4 /* VoiceTypeAndToneTeView.swift */,
				F3E72E492BF961B6001FB6E4 /* VoiceTypeAndToneSettingsTeView.swift */,
			);
			path = TeenageEng;
			sourceTree = "<group>";
		};
		F3E72E482BF960D5001FB6E4 /* ClassicRes */ = {
			isa = PBXGroup;
			children = (
				F3B5AB1D2BAD062D009CDBB5 /* AppSettingsView.swift */,
				F31C49402BBE75C70075477D /* VoiceSettingsView.swift */,
				F31C49422BBF85890075477D /* CustomTextPromptView.swift */,
				F31C49442BBF86950075477D /* VoiceTypeAndToneView.swift */,
				F31C49482BC111180075477D /* VoiceTypeAndToneSettingsView.swift */,
			);
			path = ClassicRes;
			sourceTree = "<group>";
		};
		F3E72E532BF9ACC6001FB6E4 /* Skins */ = {
			isa = PBXGroup;
			children = (
				18D289E42B9713FE008742FB /* MainViewClassic.swift */,
				F3E72E452BF95FA6001FB6E4 /* MainViewTeenageEng.swift */,
			);
			path = Skins;
			sourceTree = "<group>";
		};
		FA8DCF9D2BEC194900F54DCA /* ResTests */ = {
			isa = PBXGroup;
			children = (
				FA8DCF9C2BEC194900F54DCA /* ResTests.swift */,
			);
			path = ResTests;
			sourceTree = "<group>";
		};
		FA8DCFA02BEC195B00F54DCA /* ResUITests */ = {
			isa = PBXGroup;
			children = (
				FA8DCF9E2BEC195B00F54DCA /* ResUITests.swift */,
				FA8DCF9F2BEC195B00F54DCA /* ResUITestsLaunchTests.swift */,
			);
			path = ResUITests;
			sourceTree = "<group>";
		};
/* End PBXGroup section */

/* Begin PBXNativeTarget section */
		18D289DE2B9713FE008742FB /* Res */ = {
			isa = PBXNativeTarget;
			buildConfigurationList = 18D28A032B9713FF008742FB /* Build configuration list for PBXNativeTarget "Res" */;
			buildPhases = (
				18D289DB2B9713FE008742FB /* Sources */,
				18D289DC2B9713FE008742FB /* Frameworks */,
				18D289DD2B9713FE008742FB /* Resources */,
				18F723432BA95062003F44FA /* Embed Foundation Extensions */,
				D3CB625A66264857B190CE86 /* Upload Debug Symbols to Sentry */,
			);
			buildRules = (
			);
			dependencies = (
				18F7233E2BA95062003F44FA /* PBXTargetDependency */,
			);
			name = Res;
			packageProductDependencies = (
				18F7238C2BAC2C3C003F44FA /* Vapi */,
				FA14AACF2BE850A0001C7486 /* Auth */,
				FA14AAD12BE850A0001C7486 /* Functions */,
				FA14AAD32BE850A0001C7486 /* Supabase */,
				00571768FCC847B5B370CACD /* Sentry */,
			);
			productName = Her;
			productReference = 18D289DF2B9713FE008742FB /* Res.app */;
			productType = "com.apple.product-type.application";
		};
		18D289EE2B9713FF008742FB /* ResTests */ = {
			isa = PBXNativeTarget;
			buildConfigurationList = 18D28A062B9713FF008742FB /* Build configuration list for PBXNativeTarget "ResTests" */;
			buildPhases = (
				18D289EB2B9713FF008742FB /* Sources */,
				18D289EC2B9713FF008742FB /* Frameworks */,
				18D289ED2B9713FF008742FB /* Resources */,
			);
			buildRules = (
			);
			dependencies = (
				18D289F12B9713FF008742FB /* PBXTargetDependency */,
			);
			name = ResTests;
			productName = HerTests;
			productReference = 18D289EF2B9713FF008742FB /* ResTests.xctest */;
			productType = "com.apple.product-type.bundle.unit-test";
		};
		18D289F82B9713FF008742FB /* ResUITests */ = {
			isa = PBXNativeTarget;
			buildConfigurationList = 18D28A092B9713FF008742FB /* Build configuration list for PBXNativeTarget "ResUITests" */;
			buildPhases = (
				18D289F52B9713FF008742FB /* Sources */,
				18D289F62B9713FF008742FB /* Frameworks */,
				18D289F72B9713FF008742FB /* Resources */,
			);
			buildRules = (
			);
			dependencies = (
				18D289FB2B9713FF008742FB /* PBXTargetDependency */,
			);
			name = ResUITests;
			packageProductDependencies = (
			);
			productName = HerUITests;
			productReference = 18D289F92B9713FF008742FB /* ResUITests.xctest */;
			productType = "com.apple.product-type.bundle.ui-testing";
		};
		18F7232A2BA95060003F44FA /* Res ExtensionExtension */ = {
			isa = PBXNativeTarget;
			buildConfigurationList = 18F723402BA95062003F44FA /* Build configuration list for PBXNativeTarget "Res ExtensionExtension" */;
			buildPhases = (
				18F723272BA95060003F44FA /* Sources */,
				18F723282BA95060003F44FA /* Frameworks */,
				18F723292BA95060003F44FA /* Resources */,
			);
			buildRules = (
			);
			dependencies = (
			);
			name = "Res ExtensionExtension";
			packageProductDependencies = (
				18F7238A2BAC2C17003F44FA /* Vapi */,
			);
			productName = "Her ExtensionExtension";
			productReference = 18F7232B2BA95060003F44FA /* Res ExtensionExtension.appex */;
			productType = "com.apple.product-type.app-extension";
		};
/* End PBXNativeTarget section */

/* Begin PBXProject section */
		18D289D72B9713FE008742FB /* Project object */ = {
			isa = PBXProject;
			attributes = {
				BuildIndependentTargetsInParallel = 1;
				LastSwiftUpdateCheck = 1530;
				LastUpgradeCheck = 1530;
				TargetAttributes = {
					18D289DE2B9713FE008742FB = {
						CreatedOnToolsVersion = 15.2;
					};
					18D289EE2B9713FF008742FB = {
						CreatedOnToolsVersion = 15.2;
						TestTargetID = 18D289DE2B9713FE008742FB;
					};
					18D289F82B9713FF008742FB = {
						CreatedOnToolsVersion = 15.2;
						TestTargetID = 18D289DE2B9713FE008742FB;
					};
					18F7232A2BA95060003F44FA = {
						CreatedOnToolsVersion = 15.3;
					};
				};
			};
			buildConfigurationList = 18D289DA2B9713FE008742FB /* Build configuration list for PBXProject "Res" */;
			compatibilityVersion = "Xcode 14.0";
			developmentRegion = en;
			hasScannedForEncodings = 0;
			knownRegions = (
				en,
				Base,
			);
			mainGroup = 18D289D62B9713FE008742FB;
			packageReferences = (
				18D28A0C2B971574008742FB /* XCRemoteSwiftPackageReference "ios" */,
				18F07E032BD1C1A300E5B28D /* XCRemoteSwiftPackageReference "SnapKit" */,
				FA14AACE2BE850A0001C7486 /* XCRemoteSwiftPackageReference "supabase-swift" */,
				BD1914C8DBDC4BCDB400579F /* XCRemoteSwiftPackageReference "sentry-cocoa" */,
			);
			productRefGroup = 18D289E02B9713FE008742FB /* Products */;
			projectDirPath = "";
			projectRoot = "";
			targets = (
				18D289DE2B9713FE008742FB /* Res */,
				18D289EE2B9713FF008742FB /* ResTests */,
				18D289F82B9713FF008742FB /* ResUITests */,
				18F7232A2BA95060003F44FA /* Res ExtensionExtension */,
			);
		};
/* End PBXProject section */

/* Begin PBXResourcesBuildPhase section */
		18D289DD2B9713FE008742FB /* Resources */ = {
			isa = PBXResourcesBuildPhase;
			buildActionMask = 2147483647;
			files = (
				B976AF672BF438CE0014196F /* dial.up.sound.mp3 in Resources */,
				18D289E72B9713FF008742FB /* Assets.xcassets in Resources */,
			);
			runOnlyForDeploymentPostprocessing = 0;
		};
		18D289ED2B9713FF008742FB /* Resources */ = {
			isa = PBXResourcesBuildPhase;
			buildActionMask = 2147483647;
			files = (
			);
			runOnlyForDeploymentPostprocessing = 0;
		};
		18D289F72B9713FF008742FB /* Resources */ = {
			isa = PBXResourcesBuildPhase;
			buildActionMask = 2147483647;
			files = (
			);
			runOnlyForDeploymentPostprocessing = 0;
		};
		18F723292BA95060003F44FA /* Resources */ = {
			isa = PBXResourcesBuildPhase;
			buildActionMask = 2147483647;
			files = (
				18F7233B2BA95062003F44FA /* Assets.xcassets in Resources */,
			);
			runOnlyForDeploymentPostprocessing = 0;
		};
/* End PBXResourcesBuildPhase section */

/* Begin PBXShellScriptBuildPhase section */
		D3CB625A66264857B190CE86 /* Upload Debug Symbols to Sentry */ = {
			isa = PBXShellScriptBuildPhase;
			buildActionMask = 2147483647;
			files = (
			);
			inputPaths = (
				"${DWARF_DSYM_FOLDER_PATH}/${DWARF_DSYM_FILE_NAME}/Contents/Resources/DWARF/${TARGET_NAME}",
			);
			name = "Upload Debug Symbols to Sentry";
			outputPaths = (
			);
			runOnlyForDeploymentPostprocessing = 0;
			shellPath = /bin/sh;
			shellScript = "# This script is responsable to upload debug symbols and source context for Sentry.\nif which sentry-cli >/dev/null; then\nexport SENTRY_ORG=mike-jonas\nexport SENTRY_PROJECT=res-ios\nERROR=$(sentry-cli debug-files upload --include-sources \"$DWARF_DSYM_FOLDER_PATH\" 2>&1 >/dev/null)\nif [ ! $? -eq 0 ]; then\necho \"warning: sentry-cli - $ERROR\"\nfi\nelse\necho \"warning: sentry-cli not installed, download from https://github.com/getsentry/sentry-cli/releases\"\nfi\n";
		};
/* End PBXShellScriptBuildPhase section */

/* Begin PBXSourcesBuildPhase section */
		18D289DB2B9713FE008742FB /* Sources */ = {
			isa = PBXSourcesBuildPhase;
			buildActionMask = 2147483647;
			files = (
				F3B5AB212BAD08F1009CDBB5 /* AnimationUtility.swift in Sources */,
				F31C49472BC0DDC60075477D /* AudioVisualizerView.swift in Sources */,
				1849A5472BBDD68A00A4BCF1 /* UIScreen+Extensions.swift in Sources */,
				18D289E52B9713FE008742FB /* MainViewClassic.swift in Sources */,
				F3E72E522BF9632A001FB6E4 /* AppSettingsTeView.swift in Sources */,
				B91C79332C011EB700D45290 /* VolumeObserver.swift in Sources */,
				F3E72E4C2BF9620B001FB6E4 /* VoiceTypeAndToneTeView.swift in Sources */,
				F3E72E4A2BF961B6001FB6E4 /* VoiceTypeAndToneSettingsTeView.swift in Sources */,
				B953528C2BFE771600C1E32C /* WaveAnimation.swift in Sources */,
				F31C494B2BC37C080075477D /* Loader.swift in Sources */,
				F3E72E502BF962F7001FB6E4 /* VoiceSettingsTeView.swift in Sources */,
				F31C49412BBE75C70075477D /* VoiceSettingsView.swift in Sources */,
				18D289E32B9713FE008742FB /* ResApp.swift in Sources */,
				F3B5AB1E2BAD062D009CDBB5 /* AppSettingsView.swift in Sources */,
				FA5550A52BEDD4CF00C7648B /* AuthScreenView.swift in Sources */,
				FA14AACD2BE84F43001C7486 /* SupabaseManager.swift in Sources */,
				1849A54A2BBDD6FF00A4BCF1 /* LockScreenWidgetGuideView.swift in Sources */,
				F3E72E4E2BF96240001FB6E4 /* CustomTextPromptTeView.swift in Sources */,
				F3B5AB1A2BACE488009CDBB5 /* XMarkButton.swift in Sources */,
				1849A54B2BBDD6FF00A4BCF1 /* HomeScreenWidgetGuideView.swift in Sources */,
				B95D2F332BA4EAF5003C7C17 /* CallManager.swift in Sources */,
				F3E72E462BF95FA6001FB6E4 /* MainViewTeenageEng.swift in Sources */,
				B95D2F352BA4EB32003C7C17 /* CustomTextEditor.swift in Sources */,
				F3B5AB252BAE91E3009CDBB5 /* CustomLinkView.swift in Sources */,
				FA7944DC2BE6D08C0035EC8B /* Config.swift in Sources */,
				F31C49492BC111180075477D /* VoiceTypeAndToneSettingsView.swift in Sources */,
				F31C49452BBF86950075477D /* VoiceTypeAndToneView.swift in Sources */,
				B91C79312C011C3E00D45290 /* WaveTest.swift in Sources */,
				1849A54D2BBDDF7100A4BCF1 /* LaunchScreenViewController.swift in Sources */,
				FA9576522BEA4CDD00EC2FA4 /* SentryManager.swift in Sources */,
				F3B5AB182BACDB8A009CDBB5 /* HalfModalView.swift in Sources */,
				F31C49432BBF85890075477D /* CustomTextPromptView.swift in Sources */,
			);
			runOnlyForDeploymentPostprocessing = 0;
		};
		18D289EB2B9713FF008742FB /* Sources */ = {
			isa = PBXSourcesBuildPhase;
			buildActionMask = 2147483647;
			files = (
				FA8DCFA32BEC19C700F54DCA /* ResTests.swift in Sources */,
			);
			runOnlyForDeploymentPostprocessing = 0;
		};
		18D289F52B9713FF008742FB /* Sources */ = {
			isa = PBXSourcesBuildPhase;
			buildActionMask = 2147483647;
			files = (
				FA8DCFA12BEC19B800F54DCA /* ResUITests.swift in Sources */,
				FA8DCFA22BEC19B800F54DCA /* ResUITestsLaunchTests.swift in Sources */,
			);
			runOnlyForDeploymentPostprocessing = 0;
		};
		18F723272BA95060003F44FA /* Sources */ = {
			isa = PBXSourcesBuildPhase;
			buildActionMask = 2147483647;
			files = (
				18F723352BA95060003F44FA /* Res_ExtensionLiveActivity.swift in Sources */,
				18F723392BA95060003F44FA /* AppIntent.swift in Sources */,
				18F723372BA95060003F44FA /* Res_Extension.swift in Sources */,
				18F723332BA95060003F44FA /* Res_ExtensionBundle.swift in Sources */,
			);
			runOnlyForDeploymentPostprocessing = 0;
		};
/* End PBXSourcesBuildPhase section */

/* Begin PBXTargetDependency section */
		18D289F12B9713FF008742FB /* PBXTargetDependency */ = {
			isa = PBXTargetDependency;
			target = 18D289DE2B9713FE008742FB /* Res */;
			targetProxy = 18D289F02B9713FF008742FB /* PBXContainerItemProxy */;
		};
		18D289FB2B9713FF008742FB /* PBXTargetDependency */ = {
			isa = PBXTargetDependency;
			target = 18D289DE2B9713FE008742FB /* Res */;
			targetProxy = 18D289FA2B9713FF008742FB /* PBXContainerItemProxy */;
		};
		18F7233E2BA95062003F44FA /* PBXTargetDependency */ = {
			isa = PBXTargetDependency;
			target = 18F7232A2BA95060003F44FA /* Res ExtensionExtension */;
			targetProxy = 18F7233D2BA95062003F44FA /* PBXContainerItemProxy */;
		};
/* End PBXTargetDependency section */

/* Begin XCBuildConfiguration section */
		18D28A012B9713FF008742FB /* Debug */ = {
			isa = XCBuildConfiguration;
			buildSettings = {
				ALWAYS_SEARCH_USER_PATHS = NO;
				ASSETCATALOG_COMPILER_GENERATE_SWIFT_ASSET_SYMBOL_EXTENSIONS = YES;
				CLANG_ANALYZER_NONNULL = YES;
				CLANG_ANALYZER_NUMBER_OBJECT_CONVERSION = YES_AGGRESSIVE;
				CLANG_CXX_LANGUAGE_STANDARD = "gnu++20";
				CLANG_ENABLE_MODULES = YES;
				CLANG_ENABLE_OBJC_ARC = YES;
				CLANG_ENABLE_OBJC_WEAK = YES;
				CLANG_WARN_BLOCK_CAPTURE_AUTORELEASING = YES;
				CLANG_WARN_BOOL_CONVERSION = YES;
				CLANG_WARN_COMMA = YES;
				CLANG_WARN_CONSTANT_CONVERSION = YES;
				CLANG_WARN_DEPRECATED_OBJC_IMPLEMENTATIONS = YES;
				CLANG_WARN_DIRECT_OBJC_ISA_USAGE = YES_ERROR;
				CLANG_WARN_DOCUMENTATION_COMMENTS = YES;
				CLANG_WARN_EMPTY_BODY = YES;
				CLANG_WARN_ENUM_CONVERSION = YES;
				CLANG_WARN_INFINITE_RECURSION = YES;
				CLANG_WARN_INT_CONVERSION = YES;
				CLANG_WARN_NON_LITERAL_NULL_CONVERSION = YES;
				CLANG_WARN_OBJC_IMPLICIT_RETAIN_SELF = YES;
				CLANG_WARN_OBJC_LITERAL_CONVERSION = YES;
				CLANG_WARN_OBJC_ROOT_CLASS = YES_ERROR;
				CLANG_WARN_QUOTED_INCLUDE_IN_FRAMEWORK_HEADER = YES;
				CLANG_WARN_RANGE_LOOP_ANALYSIS = YES;
				CLANG_WARN_STRICT_PROTOTYPES = YES;
				CLANG_WARN_SUSPICIOUS_MOVE = YES;
				CLANG_WARN_UNGUARDED_AVAILABILITY = YES_AGGRESSIVE;
				CLANG_WARN_UNREACHABLE_CODE = YES;
				CLANG_WARN__DUPLICATE_METHOD_MATCH = YES;
				COPY_PHASE_STRIP = NO;
				DEBUG_INFORMATION_FORMAT = dwarf;
				ENABLE_STRICT_OBJC_MSGSEND = YES;
				ENABLE_TESTABILITY = YES;
				ENABLE_USER_SCRIPT_SANDBOXING = YES;
				GCC_C_LANGUAGE_STANDARD = gnu17;
				GCC_DYNAMIC_NO_PIC = NO;
				GCC_NO_COMMON_BLOCKS = YES;
				GCC_OPTIMIZATION_LEVEL = 0;
				GCC_PREPROCESSOR_DEFINITIONS = (
					"DEBUG=1",
					"$(inherited)",
				);
				GCC_WARN_64_TO_32_BIT_CONVERSION = YES;
				GCC_WARN_ABOUT_RETURN_TYPE = YES_ERROR;
				GCC_WARN_UNDECLARED_SELECTOR = YES;
				GCC_WARN_UNINITIALIZED_AUTOS = YES_AGGRESSIVE;
				GCC_WARN_UNUSED_FUNCTION = YES;
				GCC_WARN_UNUSED_VARIABLE = YES;
				IPHONEOS_DEPLOYMENT_TARGET = 17.4;
				LOCALIZATION_PREFERS_STRING_CATALOGS = YES;
				MTL_ENABLE_DEBUG_INFO = INCLUDE_SOURCE;
				MTL_FAST_MATH = YES;
				ONLY_ACTIVE_ARCH = YES;
				SDKROOT = iphoneos;
				SWIFT_ACTIVE_COMPILATION_CONDITIONS = "DEBUG $(inherited)";
				SWIFT_OPTIMIZATION_LEVEL = "-Onone";
			};
			name = Debug;
		};
		18D28A022B9713FF008742FB /* Release */ = {
			isa = XCBuildConfiguration;
			buildSettings = {
				ALWAYS_SEARCH_USER_PATHS = NO;
				ASSETCATALOG_COMPILER_GENERATE_SWIFT_ASSET_SYMBOL_EXTENSIONS = YES;
				CLANG_ANALYZER_NONNULL = YES;
				CLANG_ANALYZER_NUMBER_OBJECT_CONVERSION = YES_AGGRESSIVE;
				CLANG_CXX_LANGUAGE_STANDARD = "gnu++20";
				CLANG_ENABLE_MODULES = YES;
				CLANG_ENABLE_OBJC_ARC = YES;
				CLANG_ENABLE_OBJC_WEAK = YES;
				CLANG_WARN_BLOCK_CAPTURE_AUTORELEASING = YES;
				CLANG_WARN_BOOL_CONVERSION = YES;
				CLANG_WARN_COMMA = YES;
				CLANG_WARN_CONSTANT_CONVERSION = YES;
				CLANG_WARN_DEPRECATED_OBJC_IMPLEMENTATIONS = YES;
				CLANG_WARN_DIRECT_OBJC_ISA_USAGE = YES_ERROR;
				CLANG_WARN_DOCUMENTATION_COMMENTS = YES;
				CLANG_WARN_EMPTY_BODY = YES;
				CLANG_WARN_ENUM_CONVERSION = YES;
				CLANG_WARN_INFINITE_RECURSION = YES;
				CLANG_WARN_INT_CONVERSION = YES;
				CLANG_WARN_NON_LITERAL_NULL_CONVERSION = YES;
				CLANG_WARN_OBJC_IMPLICIT_RETAIN_SELF = YES;
				CLANG_WARN_OBJC_LITERAL_CONVERSION = YES;
				CLANG_WARN_OBJC_ROOT_CLASS = YES_ERROR;
				CLANG_WARN_QUOTED_INCLUDE_IN_FRAMEWORK_HEADER = YES;
				CLANG_WARN_RANGE_LOOP_ANALYSIS = YES;
				CLANG_WARN_STRICT_PROTOTYPES = YES;
				CLANG_WARN_SUSPICIOUS_MOVE = YES;
				CLANG_WARN_UNGUARDED_AVAILABILITY = YES_AGGRESSIVE;
				CLANG_WARN_UNREACHABLE_CODE = YES;
				CLANG_WARN__DUPLICATE_METHOD_MATCH = YES;
				COPY_PHASE_STRIP = NO;
				DEBUG_INFORMATION_FORMAT = "dwarf-with-dsym";
				ENABLE_NS_ASSERTIONS = NO;
				ENABLE_STRICT_OBJC_MSGSEND = YES;
				ENABLE_USER_SCRIPT_SANDBOXING = YES;
				GCC_C_LANGUAGE_STANDARD = gnu17;
				GCC_NO_COMMON_BLOCKS = YES;
				GCC_WARN_64_TO_32_BIT_CONVERSION = YES;
				GCC_WARN_ABOUT_RETURN_TYPE = YES_ERROR;
				GCC_WARN_UNDECLARED_SELECTOR = YES;
				GCC_WARN_UNINITIALIZED_AUTOS = YES_AGGRESSIVE;
				GCC_WARN_UNUSED_FUNCTION = YES;
				GCC_WARN_UNUSED_VARIABLE = YES;
				IPHONEOS_DEPLOYMENT_TARGET = 17.4;
				LOCALIZATION_PREFERS_STRING_CATALOGS = YES;
				MTL_ENABLE_DEBUG_INFO = NO;
				MTL_FAST_MATH = YES;
				SDKROOT = iphoneos;
				SWIFT_COMPILATION_MODE = wholemodule;
				VALIDATE_PRODUCT = YES;
			};
			name = Release;
		};
		18D28A042B9713FF008742FB /* Debug */ = {
			isa = XCBuildConfiguration;
			baseConfigurationReference = FA14AACA2BE80E0B001C7486 /* Config.xcconfig */;
			buildSettings = {
				ALWAYS_EMBED_SWIFT_STANDARD_LIBRARIES = YES;
				ASSETCATALOG_COMPILER_APPICON_NAME = AppIcon;
				ASSETCATALOG_COMPILER_GLOBAL_ACCENT_COLOR_NAME = AccentColor;
				ASSETCATALOG_COMPILER_INCLUDE_ALL_APPICON_ASSETS = NO;
				CODE_SIGN_STYLE = Automatic;
				CURRENT_PROJECT_VERSION = 20;
				DEBUG_INFORMATION_FORMAT = "dwarf-with-dsym";
				DEVELOPMENT_TEAM = GZ2BM4VMQU;
				ENABLE_PREVIEWS = YES;
				GENERATE_INFOPLIST_FILE = YES;
				INFOPLIST_FILE = Res/Info.plist;
				INFOPLIST_KEY_CFBundleDisplayName = Res;
				INFOPLIST_KEY_LSApplicationCategoryType = "public.app-category.productivity";
				INFOPLIST_KEY_NSCameraUsageDescription = "The camera is needed for some of the audio libraries.";
				INFOPLIST_KEY_NSMicrophoneUsageDescription = "The app needs to access your microphone to chat.";
				INFOPLIST_KEY_NSSupportsLiveActivities = YES;
				INFOPLIST_KEY_UIApplicationSceneManifest_Generation = YES;
				INFOPLIST_KEY_UIApplicationSupportsIndirectInputEvents = YES;
				INFOPLIST_KEY_UILaunchScreen_Generation = YES;
				INFOPLIST_KEY_UILaunchStoryboardName = "";
				INFOPLIST_KEY_UIStatusBarHidden = NO;
				INFOPLIST_KEY_UISupportedInterfaceOrientations = UIInterfaceOrientationPortrait;
				INFOPLIST_KEY_UISupportedInterfaceOrientations_iPad = "UIInterfaceOrientationLandscapeLeft UIInterfaceOrientationLandscapeRight UIInterfaceOrientationPortrait UIInterfaceOrientationPortraitUpsideDown";
				IPHONEOS_DEPLOYMENT_TARGET = 17.2;
				LD_RUNPATH_SEARCH_PATHS = (
					"$(inherited)",
					"@executable_path/Frameworks",
				);
				MARKETING_VERSION = 1.0;
				PRODUCT_BUNDLE_IDENTIFIER = io.balance.Her;
				PRODUCT_NAME = "$(TARGET_NAME)";
				SUPPORTED_PLATFORMS = "iphoneos iphonesimulator";
				SUPPORTS_MACCATALYST = NO;
				SUPPORTS_MAC_DESIGNED_FOR_IPHONE_IPAD = NO;
				SUPPORTS_XR_DESIGNED_FOR_IPHONE_IPAD = NO;
				SWIFT_EMIT_LOC_STRINGS = YES;
				SWIFT_VERSION = 5.0;
				TARGETED_DEVICE_FAMILY = 1;
			};
			name = Debug;
		};
		18D28A052B9713FF008742FB /* Release */ = {
			isa = XCBuildConfiguration;
			baseConfigurationReference = FA14AACA2BE80E0B001C7486 /* Config.xcconfig */;
			buildSettings = {
				ALWAYS_EMBED_SWIFT_STANDARD_LIBRARIES = YES;
				ASSETCATALOG_COMPILER_APPICON_NAME = AppIcon;
				ASSETCATALOG_COMPILER_GLOBAL_ACCENT_COLOR_NAME = AccentColor;
				ASSETCATALOG_COMPILER_INCLUDE_ALL_APPICON_ASSETS = NO;
				CODE_SIGN_STYLE = Automatic;
				CURRENT_PROJECT_VERSION = 20;
				DEBUG_INFORMATION_FORMAT = "dwarf-with-dsym";
				DEVELOPMENT_TEAM = GZ2BM4VMQU;
				ENABLE_PREVIEWS = YES;
				GENERATE_INFOPLIST_FILE = YES;
				INFOPLIST_FILE = Res/Info.plist;
				INFOPLIST_KEY_CFBundleDisplayName = Res;
				INFOPLIST_KEY_LSApplicationCategoryType = "public.app-category.productivity";
				INFOPLIST_KEY_NSCameraUsageDescription = "The camera is needed for some of the audio libraries.";
				INFOPLIST_KEY_NSMicrophoneUsageDescription = "The app needs to access your microphone to chat.";
				INFOPLIST_KEY_NSSupportsLiveActivities = YES;
				INFOPLIST_KEY_UIApplicationSceneManifest_Generation = YES;
				INFOPLIST_KEY_UIApplicationSupportsIndirectInputEvents = YES;
				INFOPLIST_KEY_UILaunchScreen_Generation = YES;
				INFOPLIST_KEY_UILaunchStoryboardName = "";
				INFOPLIST_KEY_UIStatusBarHidden = NO;
				INFOPLIST_KEY_UISupportedInterfaceOrientations = UIInterfaceOrientationPortrait;
				INFOPLIST_KEY_UISupportedInterfaceOrientations_iPad = "UIInterfaceOrientationLandscapeLeft UIInterfaceOrientationLandscapeRight UIInterfaceOrientationPortrait UIInterfaceOrientationPortraitUpsideDown";
				IPHONEOS_DEPLOYMENT_TARGET = 17.2;
				LD_RUNPATH_SEARCH_PATHS = (
					"$(inherited)",
					"@executable_path/Frameworks",
				);
				MARKETING_VERSION = 1.0;
				PRODUCT_BUNDLE_IDENTIFIER = io.balance.Her;
				PRODUCT_NAME = "$(TARGET_NAME)";
				SUPPORTED_PLATFORMS = "iphoneos iphonesimulator";
				SUPPORTS_MACCATALYST = NO;
				SUPPORTS_MAC_DESIGNED_FOR_IPHONE_IPAD = NO;
				SUPPORTS_XR_DESIGNED_FOR_IPHONE_IPAD = NO;
				SWIFT_EMIT_LOC_STRINGS = YES;
				SWIFT_VERSION = 5.0;
				TARGETED_DEVICE_FAMILY = 1;
			};
			name = Release;
		};
		18D28A072B9713FF008742FB /* Debug */ = {
			isa = XCBuildConfiguration;
			buildSettings = {
				BUNDLE_LOADER = "$(TEST_HOST)";
				CODE_SIGN_STYLE = Automatic;
				CURRENT_PROJECT_VERSION = 1;
				DEVELOPMENT_TEAM = 6ADU7T5Q7V;
				GENERATE_INFOPLIST_FILE = YES;
				IPHONEOS_DEPLOYMENT_TARGET = 17.2;
				MARKETING_VERSION = 1.0;
				PRODUCT_BUNDLE_IDENTIFIER = io.balance.HerTests;
				PRODUCT_NAME = "$(TARGET_NAME)";
				SWIFT_EMIT_LOC_STRINGS = NO;
				SWIFT_VERSION = 5.0;
				TARGETED_DEVICE_FAMILY = "1,2";
				TEST_HOST = "$(BUILT_PRODUCTS_DIR)/Res.app/$(BUNDLE_EXECUTABLE_FOLDER_PATH)/Res";
			};
			name = Debug;
		};
		18D28A082B9713FF008742FB /* Release */ = {
			isa = XCBuildConfiguration;
			buildSettings = {
				BUNDLE_LOADER = "$(TEST_HOST)";
				CODE_SIGN_STYLE = Automatic;
				CURRENT_PROJECT_VERSION = 1;
				DEVELOPMENT_TEAM = 6ADU7T5Q7V;
				GENERATE_INFOPLIST_FILE = YES;
				IPHONEOS_DEPLOYMENT_TARGET = 17.2;
				MARKETING_VERSION = 1.0;
				PRODUCT_BUNDLE_IDENTIFIER = io.balance.HerTests;
				PRODUCT_NAME = "$(TARGET_NAME)";
				SWIFT_EMIT_LOC_STRINGS = NO;
				SWIFT_VERSION = 5.0;
				TARGETED_DEVICE_FAMILY = "1,2";
				TEST_HOST = "$(BUILT_PRODUCTS_DIR)/Res.app/$(BUNDLE_EXECUTABLE_FOLDER_PATH)/Res";
			};
			name = Release;
		};
		18D28A0A2B9713FF008742FB /* Debug */ = {
			isa = XCBuildConfiguration;
			buildSettings = {
				ALWAYS_EMBED_SWIFT_STANDARD_LIBRARIES = YES;
				CODE_SIGN_STYLE = Automatic;
				CURRENT_PROJECT_VERSION = 1;
				DEVELOPMENT_TEAM = 6ADU7T5Q7V;
				GENERATE_INFOPLIST_FILE = YES;
				IPHONEOS_DEPLOYMENT_TARGET = 17.2;
				MARKETING_VERSION = 1.0;
				PRODUCT_BUNDLE_IDENTIFIER = io.balance.HerUITests;
				PRODUCT_NAME = "$(TARGET_NAME)";
				SWIFT_EMIT_LOC_STRINGS = NO;
				SWIFT_VERSION = 5.0;
				TARGETED_DEVICE_FAMILY = "1,2";
				TEST_TARGET_NAME = Her;
			};
			name = Debug;
		};
		18D28A0B2B9713FF008742FB /* Release */ = {
			isa = XCBuildConfiguration;
			buildSettings = {
				ALWAYS_EMBED_SWIFT_STANDARD_LIBRARIES = YES;
				CODE_SIGN_STYLE = Automatic;
				CURRENT_PROJECT_VERSION = 1;
				DEVELOPMENT_TEAM = 6ADU7T5Q7V;
				GENERATE_INFOPLIST_FILE = YES;
				IPHONEOS_DEPLOYMENT_TARGET = 17.2;
				MARKETING_VERSION = 1.0;
				PRODUCT_BUNDLE_IDENTIFIER = io.balance.HerUITests;
				PRODUCT_NAME = "$(TARGET_NAME)";
				SWIFT_EMIT_LOC_STRINGS = NO;
				SWIFT_VERSION = 5.0;
				TARGETED_DEVICE_FAMILY = "1,2";
				TEST_TARGET_NAME = Her;
			};
			name = Release;
		};
		18F723412BA95062003F44FA /* Debug */ = {
			isa = XCBuildConfiguration;
			buildSettings = {
				ASSETCATALOG_COMPILER_GLOBAL_ACCENT_COLOR_NAME = AccentColor;
				ASSETCATALOG_COMPILER_WIDGET_BACKGROUND_COLOR_NAME = WidgetBackground;
				CODE_SIGN_STYLE = Automatic;
				CURRENT_PROJECT_VERSION = 1;
				DEVELOPMENT_TEAM = GZ2BM4VMQU;
				GENERATE_INFOPLIST_FILE = YES;
				INFOPLIST_FILE = "Res Extension/Info.plist";
				INFOPLIST_KEY_CFBundleDisplayName = "Res AI";
				INFOPLIST_KEY_NSHumanReadableCopyright = "";
				IPHONEOS_DEPLOYMENT_TARGET = 17.2;
				LD_RUNPATH_SEARCH_PATHS = (
					"$(inherited)",
					"@executable_path/Frameworks",
					"@executable_path/../../Frameworks",
				);
				MARKETING_VERSION = 1.0;
				PRODUCT_BUNDLE_IDENTIFIER = "io.balance.Her.Res-Extension";
				PRODUCT_NAME = "$(TARGET_NAME)";
				SKIP_INSTALL = YES;
				SUPPORTED_PLATFORMS = "iphoneos iphonesimulator";
				SUPPORTS_MACCATALYST = NO;
				SUPPORTS_MAC_DESIGNED_FOR_IPHONE_IPAD = NO;
				SUPPORTS_XR_DESIGNED_FOR_IPHONE_IPAD = NO;
				SWIFT_EMIT_LOC_STRINGS = YES;
				SWIFT_VERSION = 5.0;
				TARGETED_DEVICE_FAMILY = 1;
			};
			name = Debug;
		};
		18F723422BA95062003F44FA /* Release */ = {
			isa = XCBuildConfiguration;
			buildSettings = {
				ASSETCATALOG_COMPILER_GLOBAL_ACCENT_COLOR_NAME = AccentColor;
				ASSETCATALOG_COMPILER_WIDGET_BACKGROUND_COLOR_NAME = WidgetBackground;
				CODE_SIGN_STYLE = Automatic;
				CURRENT_PROJECT_VERSION = 1;
				DEVELOPMENT_TEAM = GZ2BM4VMQU;
				GENERATE_INFOPLIST_FILE = YES;
				INFOPLIST_FILE = "Res Extension/Info.plist";
				INFOPLIST_KEY_CFBundleDisplayName = "Res AI";
				INFOPLIST_KEY_NSHumanReadableCopyright = "";
				IPHONEOS_DEPLOYMENT_TARGET = 17.2;
				LD_RUNPATH_SEARCH_PATHS = (
					"$(inherited)",
					"@executable_path/Frameworks",
					"@executable_path/../../Frameworks",
				);
				MARKETING_VERSION = 1.0;
				PRODUCT_BUNDLE_IDENTIFIER = "io.balance.Her.Res-Extension";
				PRODUCT_NAME = "$(TARGET_NAME)";
				SKIP_INSTALL = YES;
				SUPPORTED_PLATFORMS = "iphoneos iphonesimulator";
				SUPPORTS_MACCATALYST = NO;
				SUPPORTS_MAC_DESIGNED_FOR_IPHONE_IPAD = NO;
				SUPPORTS_XR_DESIGNED_FOR_IPHONE_IPAD = NO;
				SWIFT_EMIT_LOC_STRINGS = YES;
				SWIFT_VERSION = 5.0;
				TARGETED_DEVICE_FAMILY = 1;
			};
			name = Release;
		};
/* End XCBuildConfiguration section */

/* Begin XCConfigurationList section */
		18D289DA2B9713FE008742FB /* Build configuration list for PBXProject "Res" */ = {
			isa = XCConfigurationList;
			buildConfigurations = (
				18D28A012B9713FF008742FB /* Debug */,
				18D28A022B9713FF008742FB /* Release */,
			);
			defaultConfigurationIsVisible = 0;
			defaultConfigurationName = Release;
		};
		18D28A032B9713FF008742FB /* Build configuration list for PBXNativeTarget "Res" */ = {
			isa = XCConfigurationList;
			buildConfigurations = (
				18D28A042B9713FF008742FB /* Debug */,
				18D28A052B9713FF008742FB /* Release */,
			);
			defaultConfigurationIsVisible = 0;
			defaultConfigurationName = Release;
		};
		18D28A062B9713FF008742FB /* Build configuration list for PBXNativeTarget "ResTests" */ = {
			isa = XCConfigurationList;
			buildConfigurations = (
				18D28A072B9713FF008742FB /* Debug */,
				18D28A082B9713FF008742FB /* Release */,
			);
			defaultConfigurationIsVisible = 0;
			defaultConfigurationName = Release;
		};
		18D28A092B9713FF008742FB /* Build configuration list for PBXNativeTarget "ResUITests" */ = {
			isa = XCConfigurationList;
			buildConfigurations = (
				18D28A0A2B9713FF008742FB /* Debug */,
				18D28A0B2B9713FF008742FB /* Release */,
			);
			defaultConfigurationIsVisible = 0;
			defaultConfigurationName = Release;
		};
		18F723402BA95062003F44FA /* Build configuration list for PBXNativeTarget "Res ExtensionExtension" */ = {
			isa = XCConfigurationList;
			buildConfigurations = (
				18F723412BA95062003F44FA /* Debug */,
				18F723422BA95062003F44FA /* Release */,
			);
			defaultConfigurationIsVisible = 0;
			defaultConfigurationName = Release;
		};
/* End XCConfigurationList section */

/* Begin XCRemoteSwiftPackageReference section */
		18D28A0C2B971574008742FB /* XCRemoteSwiftPackageReference "ios" */ = {
			isa = XCRemoteSwiftPackageReference;
			repositoryURL = "https://github.com/VapiAI/ios";
			requirement = {
				branch = main;
				kind = branch;
			};
		};
		18F07E032BD1C1A300E5B28D /* XCRemoteSwiftPackageReference "SnapKit" */ = {
			isa = XCRemoteSwiftPackageReference;
			repositoryURL = "https://github.com/SnapKit/SnapKit";
			requirement = {
				kind = upToNextMajorVersion;
				minimumVersion = 5.7.1;
			};
		};
		BD1914C8DBDC4BCDB400579F /* XCRemoteSwiftPackageReference "sentry-cocoa" */ = {
			isa = XCRemoteSwiftPackageReference;
			repositoryURL = "https://github.com/getsentry/sentry-cocoa/";
			requirement = {
				kind = upToNextMajorVersion;
				minimumVersion = 8.0.0;
			};
		};
		FA14AACE2BE850A0001C7486 /* XCRemoteSwiftPackageReference "supabase-swift" */ = {
			isa = XCRemoteSwiftPackageReference;
			repositoryURL = "https://github.com/supabase/supabase-swift.git";
			requirement = {
				kind = upToNextMajorVersion;
				minimumVersion = 2.5.1;
			};
		};
/* End XCRemoteSwiftPackageReference section */

/* Begin XCSwiftPackageProductDependency section */
		00571768FCC847B5B370CACD /* Sentry */ = {
			isa = XCSwiftPackageProductDependency;
			package = BD1914C8DBDC4BCDB400579F /* XCRemoteSwiftPackageReference "sentry-cocoa" */;
			productName = Sentry;
		};
		18F7238A2BAC2C17003F44FA /* Vapi */ = {
			isa = XCSwiftPackageProductDependency;
			package = 18D28A0C2B971574008742FB /* XCRemoteSwiftPackageReference "ios" */;
			productName = Vapi;
		};
		18F7238C2BAC2C3C003F44FA /* Vapi */ = {
			isa = XCSwiftPackageProductDependency;
			package = 18D28A0C2B971574008742FB /* XCRemoteSwiftPackageReference "ios" */;
			productName = Vapi;
		};
		FA14AACF2BE850A0001C7486 /* Auth */ = {
			isa = XCSwiftPackageProductDependency;
			package = FA14AACE2BE850A0001C7486 /* XCRemoteSwiftPackageReference "supabase-swift" */;
			productName = Auth;
		};
		FA14AAD12BE850A0001C7486 /* Functions */ = {
			isa = XCSwiftPackageProductDependency;
			package = FA14AACE2BE850A0001C7486 /* XCRemoteSwiftPackageReference "supabase-swift" */;
			productName = Functions;
		};
		FA14AAD32BE850A0001C7486 /* Supabase */ = {
			isa = XCSwiftPackageProductDependency;
			package = FA14AACE2BE850A0001C7486 /* XCRemoteSwiftPackageReference "supabase-swift" */;
			productName = Supabase;
		};
/* End XCSwiftPackageProductDependency section */
	};
	rootObject = 18D289D72B9713FE008742FB /* Project object */;
}
