{
  "pins" : [
    {
      "identity" : "daily-client-ios",
      "kind" : "remoteSourceControl",
      "location" : "https://github.com/daily-co/daily-client-ios",
      "state" : {
        "revision" : "9d162add405dca91d3a9cbd721b9a592f6cad628",
        "version" : "0.19.0"
      }
    },
    {
      "identity" : "ios",
      "kind" : "remoteSourceControl",
      "location" : "https://github.com/VapiAI/ios",
      "state" : {
        "branch" : "main",
        "revision" : "d958eaa950ab67eb22bc308c2b0620329207b427"
      }
    },
    {
      "identity" : "snapkit",
      "kind" : "remoteSourceControl",
      "location" : "https://github.com/SnapKit/SnapKit",
      "state" : {
        "revision" : "2842e6e84e82eb9a8dac0100ca90d9444b0307f4",
        "version" : "5.7.1"
      }
    }
  ],
  "version" : 2
}
